// !$*UTF8*$!
{
	archiveVersion = 1;
	classes = {
	};
	objectVersion = 48;
	objects = {

/* Begin PBXBuildFile section */
		C29DBCF01FEC03C700A7EB56 /* MoonKit.framework in Frameworks */ = {isa = PBXBuildFile; fileRef = C29DBCE61FEC03C700A7EB56 /* MoonKit.framework */; };
		C29DBD0E1FEC041400A7EB56 /* MoonKit.framework in Frameworks */ = {isa = PBXBuildFile; fileRef = C29DBD051FEC041400A7EB56 /* MoonKit.framework */; };
		C29DBD221FEC04E300A7EB56 /* MoonKit.h in Headers */ = {isa = PBXBuildFile; fileRef = C29DBD1D1FEC046600A7EB56 /* MoonKit.h */; settings = {ATTRIBUTES = (Public, ); }; };
		C29DBD231FEC04E400A7EB56 /* MoonKit.h in Headers */ = {isa = PBXBuildFile; fileRef = C29DBD1D1FEC046600A7EB56 /* MoonKit.h */; settings = {ATTRIBUTES = (Public, ); }; };
		C29DBD241FEC052000A7EB56 /* MoonKitTests.swift in Sources */ = {isa = PBXBuildFile; fileRef = C29DBD201FEC04A200A7EB56 /* MoonKitTests.swift */; };
		C29DBD251FEC052100A7EB56 /* MoonKitTests.swift in Sources */ = {isa = PBXBuildFile; fileRef = C29DBD201FEC04A200A7EB56 /* MoonKitTests.swift */; };
		C29DBD2C1FEC06AC00A7EB56 /* DictionaryMerging.swift in Sources */ = {isa = PBXBuildFile; fileRef = C29DBD281FEC06AB00A7EB56 /* DictionaryMerging.swift */; };
		C29DBD2D1FEC06AC00A7EB56 /* DictionaryMerging.swift in Sources */ = {isa = PBXBuildFile; fileRef = C29DBD281FEC06AB00A7EB56 /* DictionaryMerging.swift */; };
		C29DBD2E1FEC06AC00A7EB56 /* CollectionCreationOperators.swift in Sources */ = {isa = PBXBuildFile; fileRef = C29DBD291FEC06AB00A7EB56 /* CollectionCreationOperators.swift */; };
		C29DBD2F1FEC06AC00A7EB56 /* CollectionCreationOperators.swift in Sources */ = {isa = PBXBuildFile; fileRef = C29DBD291FEC06AB00A7EB56 /* CollectionCreationOperators.swift */; };
		C29DBD301FEC06AC00A7EB56 /* CollectionSubranges.swift in Sources */ = {isa = PBXBuildFile; fileRef = C29DBD2A1FEC06AB00A7EB56 /* CollectionSubranges.swift */; };
		C29DBD311FEC06AC00A7EB56 /* CollectionSubranges.swift in Sources */ = {isa = PBXBuildFile; fileRef = C29DBD2A1FEC06AB00A7EB56 /* CollectionSubranges.swift */; };
		C29DBD321FEC06AC00A7EB56 /* KeyPathConvenienceExtensions.swift in Sources */ = {isa = PBXBuildFile; fileRef = C29DBD2B1FEC06AB00A7EB56 /* KeyPathConvenienceExtensions.swift */; };
		C29DBD331FEC06AC00A7EB56 /* KeyPathConvenienceExtensions.swift in Sources */ = {isa = PBXBuildFile; fileRef = C29DBD2B1FEC06AB00A7EB56 /* KeyPathConvenienceExtensions.swift */; };
		C29DBD361FEC06D400A7EB56 /* Zip.swift in Sources */ = {isa = PBXBuildFile; fileRef = C29DBD341FEC06D400A7EB56 /* Zip.swift */; };
		C29DBD371FEC06D400A7EB56 /* Zip.swift in Sources */ = {isa = PBXBuildFile; fileRef = C29DBD341FEC06D400A7EB56 /* Zip.swift */; };
		C29DBD381FEC06D400A7EB56 /* SequenceManipulation.swift in Sources */ = {isa = PBXBuildFile; fileRef = C29DBD351FEC06D400A7EB56 /* SequenceManipulation.swift */; };
		C29DBD391FEC06D400A7EB56 /* SequenceManipulation.swift in Sources */ = {isa = PBXBuildFile; fileRef = C29DBD351FEC06D400A7EB56 /* SequenceManipulation.swift */; };
		C29DBD3D1FEC06F900A7EB56 /* RegularExpression.swift in Sources */ = {isa = PBXBuildFile; fileRef = C29DBD3C1FEC06F900A7EB56 /* RegularExpression.swift */; };
		C29DBD3E1FEC06F900A7EB56 /* RegularExpression.swift in Sources */ = {isa = PBXBuildFile; fileRef = C29DBD3C1FEC06F900A7EB56 /* RegularExpression.swift */; };
		C29DBD401FEC071700A7EB56 /* Strings.swift in Sources */ = {isa = PBXBuildFile; fileRef = C29DBD3F1FEC071700A7EB56 /* Strings.swift */; };
		C29DBD411FEC071700A7EB56 /* Strings.swift in Sources */ = {isa = PBXBuildFile; fileRef = C29DBD3F1FEC071700A7EB56 /* Strings.swift */; };
		C29DBD431FEC072800A7EB56 /* FourCharacterCode.swift in Sources */ = {isa = PBXBuildFile; fileRef = C29DBD421FEC072800A7EB56 /* FourCharacterCode.swift */; };
		C29DBD441FEC072800A7EB56 /* FourCharacterCode.swift in Sources */ = {isa = PBXBuildFile; fileRef = C29DBD421FEC072800A7EB56 /* FourCharacterCode.swift */; };
		C29DBD481FEC078C00A7EB56 /* ByteArrayConvertible.swift in Sources */ = {isa = PBXBuildFile; fileRef = C29DBD461FEC078C00A7EB56 /* ByteArrayConvertible.swift */; };
		C29DBD491FEC078C00A7EB56 /* ByteArrayConvertible.swift in Sources */ = {isa = PBXBuildFile; fileRef = C29DBD461FEC078C00A7EB56 /* ByteArrayConvertible.swift */; };
		C29DBD4A1FEC078C00A7EB56 /* Bytes.swift in Sources */ = {isa = PBXBuildFile; fileRef = C29DBD471FEC078C00A7EB56 /* Bytes.swift */; };
		C29DBD4B1FEC078C00A7EB56 /* Bytes.swift in Sources */ = {isa = PBXBuildFile; fileRef = C29DBD471FEC078C00A7EB56 /* Bytes.swift */; };
		C29DBD5A1FEC0CE900A7EB56 /* Paths.swift in Sources */ = {isa = PBXBuildFile; fileRef = C29DBD591FEC0CE900A7EB56 /* Paths.swift */; };
		C2E6CB7E201AAC4C00D50E78 /* Date.swift in Sources */ = {isa = PBXBuildFile; fileRef = C2E6CB7D201AAC4C00D50E78 /* Date.swift */; };
		C2E6CB7F201AAC4C00D50E78 /* Date.swift in Sources */ = {isa = PBXBuildFile; fileRef = C2E6CB7D201AAC4C00D50E78 /* Date.swift */; };
		C2E6CB81201ACFFE00D50E78 /* HostTimeBase.swift in Sources */ = {isa = PBXBuildFile; fileRef = C2E6CB80201ACFFE00D50E78 /* HostTimeBase.swift */; };
		C2E6CB82201ACFFE00D50E78 /* HostTimeBase.swift in Sources */ = {isa = PBXBuildFile; fileRef = C2E6CB80201ACFFE00D50E78 /* HostTimeBase.swift */; };
/* End PBXBuildFile section */

/* Begin PBXContainerItemProxy section */
		C29DBCF11FEC03C700A7EB56 /* PBXContainerItemProxy */ = {
			isa = PBXContainerItemProxy;
			containerPortal = C29DBCDD1FEC03C700A7EB56 /* Project object */;
			proxyType = 1;
			remoteGlobalIDString = C29DBCE51FEC03C700A7EB56;
			remoteInfo = MoonKit_iOS;
		};
		C29DBD0F1FEC041400A7EB56 /* PBXContainerItemProxy */ = {
			isa = PBXContainerItemProxy;
			containerPortal = C29DBCDD1FEC03C700A7EB56 /* Project object */;
			proxyType = 1;
			remoteGlobalIDString = C29DBD041FEC041400A7EB56;
			remoteInfo = MoonKit_Mac;
		};
/* End PBXContainerItemProxy section */

/* Begin PBXFileReference section */
		C29DBCE61FEC03C700A7EB56 /* MoonKit.framework */ = {isa = PBXFileReference; explicitFileType = wrapper.framework; includeInIndex = 0; path = MoonKit.framework; sourceTree = BUILT_PRODUCTS_DIR; };
		C29DBCEF1FEC03C700A7EB56 /* MoonKit_iOSTests.xctest */ = {isa = PBXFileReference; explicitFileType = wrapper.cfbundle; includeInIndex = 0; path = MoonKit_iOSTests.xctest; sourceTree = BUILT_PRODUCTS_DIR; };
		C29DBD051FEC041400A7EB56 /* MoonKit.framework */ = {isa = PBXFileReference; explicitFileType = wrapper.framework; includeInIndex = 0; path = MoonKit.framework; sourceTree = BUILT_PRODUCTS_DIR; };
		C29DBD0D1FEC041400A7EB56 /* MoonKit_MacTests.xctest */ = {isa = PBXFileReference; explicitFileType = wrapper.cfbundle; includeInIndex = 0; path = MoonKit_MacTests.xctest; sourceTree = BUILT_PRODUCTS_DIR; };
		C29DBD1D1FEC046600A7EB56 /* MoonKit.h */ = {isa = PBXFileReference; lastKnownFileType = sourcecode.c.h; path = MoonKit.h; sourceTree = "<group>"; };
		C29DBD1E1FEC046600A7EB56 /* Info.plist */ = {isa = PBXFileReference; lastKnownFileType = text.plist.xml; path = Info.plist; sourceTree = "<group>"; };
		C29DBD201FEC04A200A7EB56 /* MoonKitTests.swift */ = {isa = PBXFileReference; lastKnownFileType = sourcecode.swift; path = MoonKitTests.swift; sourceTree = "<group>"; };
		C29DBD211FEC04A200A7EB56 /* Info.plist */ = {isa = PBXFileReference; lastKnownFileType = text.plist.xml; path = Info.plist; sourceTree = "<group>"; };
		C29DBD281FEC06AB00A7EB56 /* DictionaryMerging.swift */ = {isa = PBXFileReference; fileEncoding = 4; lastKnownFileType = sourcecode.swift; path = DictionaryMerging.swift; sourceTree = "<group>"; };
		C29DBD291FEC06AB00A7EB56 /* CollectionCreationOperators.swift */ = {isa = PBXFileReference; fileEncoding = 4; lastKnownFileType = sourcecode.swift; path = CollectionCreationOperators.swift; sourceTree = "<group>"; };
		C29DBD2A1FEC06AB00A7EB56 /* CollectionSubranges.swift */ = {isa = PBXFileReference; fileEncoding = 4; lastKnownFileType = sourcecode.swift; path = CollectionSubranges.swift; sourceTree = "<group>"; };
		C29DBD2B1FEC06AB00A7EB56 /* KeyPathConvenienceExtensions.swift */ = {isa = PBXFileReference; fileEncoding = 4; lastKnownFileType = sourcecode.swift; path = KeyPathConvenienceExtensions.swift; sourceTree = "<group>"; };
		C29DBD341FEC06D400A7EB56 /* Zip.swift */ = {isa = PBXFileReference; fileEncoding = 4; lastKnownFileType = sourcecode.swift; path = Zip.swift; sourceTree = "<group>"; };
		C29DBD351FEC06D400A7EB56 /* SequenceManipulation.swift */ = {isa = PBXFileReference; fileEncoding = 4; lastKnownFileType = sourcecode.swift; path = SequenceManipulation.swift; sourceTree = "<group>"; };
		C29DBD3C1FEC06F900A7EB56 /* RegularExpression.swift */ = {isa = PBXFileReference; fileEncoding = 4; lastKnownFileType = sourcecode.swift; path = RegularExpression.swift; sourceTree = "<group>"; };
		C29DBD3F1FEC071700A7EB56 /* Strings.swift */ = {isa = PBXFileReference; fileEncoding = 4; lastKnownFileType = sourcecode.swift; path = Strings.swift; sourceTree = "<group>"; };
		C29DBD421FEC072800A7EB56 /* FourCharacterCode.swift */ = {isa = PBXFileReference; fileEncoding = 4; lastKnownFileType = sourcecode.swift; path = FourCharacterCode.swift; sourceTree = "<group>"; };
		C29DBD461FEC078C00A7EB56 /* ByteArrayConvertible.swift */ = {isa = PBXFileReference; fileEncoding = 4; lastKnownFileType = sourcecode.swift; path = ByteArrayConvertible.swift; sourceTree = "<group>"; };
		C29DBD471FEC078C00A7EB56 /* Bytes.swift */ = {isa = PBXFileReference; fileEncoding = 4; lastKnownFileType = sourcecode.swift; path = Bytes.swift; sourceTree = "<group>"; };
		C29DBD591FEC0CE900A7EB56 /* Paths.swift */ = {isa = PBXFileReference; lastKnownFileType = sourcecode.swift; path = Paths.swift; sourceTree = "<group>"; };
		C2E6CB7D201AAC4C00D50E78 /* Date.swift */ = {isa = PBXFileReference; lastKnownFileType = sourcecode.swift; path = Date.swift; sourceTree = "<group>"; };
		C2E6CB80201ACFFE00D50E78 /* HostTimeBase.swift */ = {isa = PBXFileReference; lastKnownFileType = sourcecode.swift; path = HostTimeBase.swift; sourceTree = "<group>"; };
/* End PBXFileReference section */

/* Begin PBXFrameworksBuildPhase section */
		C29DBCE21FEC03C700A7EB56 /* Frameworks */ = {
			isa = PBXFrameworksBuildPhase;
			buildActionMask = 2147483647;
			files = (
			);
			runOnlyForDeploymentPostprocessing = 0;
		};
		C29DBCEC1FEC03C700A7EB56 /* Frameworks */ = {
			isa = PBXFrameworksBuildPhase;
			buildActionMask = 2147483647;
			files = (
				C29DBCF01FEC03C700A7EB56 /* MoonKit.framework in Frameworks */,
			);
			runOnlyForDeploymentPostprocessing = 0;
		};
		C29DBD011FEC041400A7EB56 /* Frameworks */ = {
			isa = PBXFrameworksBuildPhase;
			buildActionMask = 2147483647;
			files = (
			);
			runOnlyForDeploymentPostprocessing = 0;
		};
		C29DBD0A1FEC041400A7EB56 /* Frameworks */ = {
			isa = PBXFrameworksBuildPhase;
			buildActionMask = 2147483647;
			files = (
				C29DBD0E1FEC041400A7EB56 /* MoonKit.framework in Frameworks */,
			);
			runOnlyForDeploymentPostprocessing = 0;
		};
/* End PBXFrameworksBuildPhase section */

/* Begin PBXGroup section */
		C29DBCDC1FEC03C700A7EB56 = {
			isa = PBXGroup;
			children = (
				C29DBD1C1FEC046600A7EB56 /* CommonSource */,
				C29DBD1F1FEC04A200A7EB56 /* CommonTests */,
				C29DBCE71FEC03C700A7EB56 /* Products */,
			);
			sourceTree = "<group>";
		};
		C29DBCE71FEC03C700A7EB56 /* Products */ = {
			isa = PBXGroup;
			children = (
				C29DBCE61FEC03C700A7EB56 /* MoonKit.framework */,
				C29DBCEF1FEC03C700A7EB56 /* MoonKit_iOSTests.xctest */,
				C29DBD051FEC041400A7EB56 /* MoonKit.framework */,
				C29DBD0D1FEC041400A7EB56 /* MoonKit_MacTests.xctest */,
			);
			name = Products;
			sourceTree = "<group>";
		};
		C29DBD1C1FEC046600A7EB56 /* CommonSource */ = {
			isa = PBXGroup;
			children = (
				C29DBD581FEC0C9400A7EB56 /* CommandLineToolHelpers */,
				C29DBD451FEC072E00A7EB56 /* Protocols */,
				C29DBD3B1FEC06EB00A7EB56 /* Extensions */,
				C29DBD3A1FEC06E300A7EB56 /* Types */,
				C29DBD271FEC065700A7EB56 /* SequenceExtensions */,
				C29DBD261FEC063000A7EB56 /* CollectionExtensions */,
				C29DBD1D1FEC046600A7EB56 /* MoonKit.h */,
				C29DBD1E1FEC046600A7EB56 /* Info.plist */,
			);
			path = CommonSource;
			sourceTree = "<group>";
		};
		C29DBD1F1FEC04A200A7EB56 /* CommonTests */ = {
			isa = PBXGroup;
			children = (
				C29DBD201FEC04A200A7EB56 /* MoonKitTests.swift */,
				C29DBD211FEC04A200A7EB56 /* Info.plist */,
			);
			path = CommonTests;
			sourceTree = "<group>";
		};
		C29DBD261FEC063000A7EB56 /* CollectionExtensions */ = {
			isa = PBXGroup;
			children = (
				C29DBD291FEC06AB00A7EB56 /* CollectionCreationOperators.swift */,
				C29DBD2A1FEC06AB00A7EB56 /* CollectionSubranges.swift */,
				C29DBD281FEC06AB00A7EB56 /* DictionaryMerging.swift */,
				C29DBD2B1FEC06AB00A7EB56 /* KeyPathConvenienceExtensions.swift */,
			);
			path = CollectionExtensions;
			sourceTree = "<group>";
		};
		C29DBD271FEC065700A7EB56 /* SequenceExtensions */ = {
			isa = PBXGroup;
			children = (
				C29DBD351FEC06D400A7EB56 /* SequenceManipulation.swift */,
				C29DBD341FEC06D400A7EB56 /* Zip.swift */,
			);
			path = SequenceExtensions;
			sourceTree = "<group>";
		};
		C29DBD3A1FEC06E300A7EB56 /* Types */ = {
			isa = PBXGroup;
			children = (
				C29DBD421FEC072800A7EB56 /* FourCharacterCode.swift */,
				C29DBD3C1FEC06F900A7EB56 /* RegularExpression.swift */,
				C2E6CB80201ACFFE00D50E78 /* HostTimeBase.swift */,
			);
			path = Types;
			sourceTree = "<group>";
		};
		C29DBD3B1FEC06EB00A7EB56 /* Extensions */ = {
			isa = PBXGroup;
			children = (
				C29DBD3F1FEC071700A7EB56 /* Strings.swift */,
				C2E6CB7D201AAC4C00D50E78 /* Date.swift */,
			);
			path = Extensions;
			sourceTree = "<group>";
		};
		C29DBD451FEC072E00A7EB56 /* Protocols */ = {
			isa = PBXGroup;
			children = (
				C29DBD461FEC078C00A7EB56 /* ByteArrayConvertible.swift */,
				C29DBD471FEC078C00A7EB56 /* Bytes.swift */,
			);
			path = Protocols;
			sourceTree = "<group>";
		};
		C29DBD581FEC0C9400A7EB56 /* CommandLineToolHelpers */ = {
			isa = PBXGroup;
			children = (
				C29DBD591FEC0CE900A7EB56 /* Paths.swift */,
			);
			path = CommandLineToolHelpers;
			sourceTree = "<group>";
		};
/* End PBXGroup section */

/* Begin PBXHeadersBuildPhase section */
		C29DBCE31FEC03C700A7EB56 /* Headers */ = {
			isa = PBXHeadersBuildPhase;
			buildActionMask = 2147483647;
			files = (
				C29DBD221FEC04E300A7EB56 /* MoonKit.h in Headers */,
			);
			runOnlyForDeploymentPostprocessing = 0;
		};
		C29DBD021FEC041400A7EB56 /* Headers */ = {
			isa = PBXHeadersBuildPhase;
			buildActionMask = 2147483647;
			files = (
				C29DBD231FEC04E400A7EB56 /* MoonKit.h in Headers */,
			);
			runOnlyForDeploymentPostprocessing = 0;
		};
/* End PBXHeadersBuildPhase section */

/* Begin PBXNativeTarget section */
		C29DBCE51FEC03C700A7EB56 /* MoonKit_iOS */ = {
			isa = PBXNativeTarget;
			buildConfigurationList = C29DBCFA1FEC03C700A7EB56 /* Build configuration list for PBXNativeTarget "MoonKit_iOS" */;
			buildPhases = (
				C29DBCE11FEC03C700A7EB56 /* Sources */,
				C29DBCE21FEC03C700A7EB56 /* Frameworks */,
				C29DBCE31FEC03C700A7EB56 /* Headers */,
				C29DBCE41FEC03C700A7EB56 /* Resources */,
			);
			buildRules = (
			);
			dependencies = (
			);
			name = MoonKit_iOS;
			productName = MoonKit_iOS;
			productReference = C29DBCE61FEC03C700A7EB56 /* MoonKit.framework */;
			productType = "com.apple.product-type.framework";
		};
		C29DBCEE1FEC03C700A7EB56 /* MoonKit_iOSTests */ = {
			isa = PBXNativeTarget;
			buildConfigurationList = C29DBCFD1FEC03C700A7EB56 /* Build configuration list for PBXNativeTarget "MoonKit_iOSTests" */;
			buildPhases = (
				C29DBCEB1FEC03C700A7EB56 /* Sources */,
				C29DBCEC1FEC03C700A7EB56 /* Frameworks */,
				C29DBCED1FEC03C700A7EB56 /* Resources */,
			);
			buildRules = (
			);
			dependencies = (
				C29DBCF21FEC03C700A7EB56 /* PBXTargetDependency */,
			);
			name = MoonKit_iOSTests;
			productName = MoonKit_iOSTests;
			productReference = C29DBCEF1FEC03C700A7EB56 /* MoonKit_iOSTests.xctest */;
			productType = "com.apple.product-type.bundle.unit-test";
		};
		C29DBD041FEC041400A7EB56 /* MoonKit_Mac */ = {
			isa = PBXNativeTarget;
			buildConfigurationList = C29DBD161FEC041400A7EB56 /* Build configuration list for PBXNativeTarget "MoonKit_Mac" */;
			buildPhases = (
				C29DBD001FEC041400A7EB56 /* Sources */,
				C29DBD011FEC041400A7EB56 /* Frameworks */,
				C29DBD021FEC041400A7EB56 /* Headers */,
				C29DBD031FEC041400A7EB56 /* Resources */,
			);
			buildRules = (
			);
			dependencies = (
			);
			name = MoonKit_Mac;
			productName = MoonKit_Mac;
			productReference = C29DBD051FEC041400A7EB56 /* MoonKit.framework */;
			productType = "com.apple.product-type.framework";
		};
		C29DBD0C1FEC041400A7EB56 /* MoonKit_MacTests */ = {
			isa = PBXNativeTarget;
			buildConfigurationList = C29DBD191FEC041400A7EB56 /* Build configuration list for PBXNativeTarget "MoonKit_MacTests" */;
			buildPhases = (
				C29DBD091FEC041400A7EB56 /* Sources */,
				C29DBD0A1FEC041400A7EB56 /* Frameworks */,
				C29DBD0B1FEC041400A7EB56 /* Resources */,
			);
			buildRules = (
			);
			dependencies = (
				C29DBD101FEC041400A7EB56 /* PBXTargetDependency */,
			);
			name = MoonKit_MacTests;
			productName = MoonKit_MacTests;
			productReference = C29DBD0D1FEC041400A7EB56 /* MoonKit_MacTests.xctest */;
			productType = "com.apple.product-type.bundle.unit-test";
		};
/* End PBXNativeTarget section */

/* Begin PBXProject section */
		C29DBCDD1FEC03C700A7EB56 /* Project object */ = {
			isa = PBXProject;
			attributes = {
				LastSwiftUpdateCheck = 0920;
				LastUpgradeCheck = 0920;
				ORGANIZATIONNAME = "Moondeer Studios";
				TargetAttributes = {
					C29DBCE51FEC03C700A7EB56 = {
						CreatedOnToolsVersion = 9.2;
						LastSwiftMigration = 0920;
						ProvisioningStyle = Automatic;
					};
					C29DBCEE1FEC03C700A7EB56 = {
						CreatedOnToolsVersion = 9.2;
						ProvisioningStyle = Automatic;
					};
					C29DBD041FEC041400A7EB56 = {
						CreatedOnToolsVersion = 9.2;
						LastSwiftMigration = 0920;
						ProvisioningStyle = Automatic;
					};
					C29DBD0C1FEC041400A7EB56 = {
						CreatedOnToolsVersion = 9.2;
						ProvisioningStyle = Automatic;
					};
				};
			};
			buildConfigurationList = C29DBCE01FEC03C700A7EB56 /* Build configuration list for PBXProject "MoonKit" */;
			compatibilityVersion = "Xcode 8.0";
			developmentRegion = en;
			hasScannedForEncodings = 0;
			knownRegions = (
				en,
			);
			mainGroup = C29DBCDC1FEC03C700A7EB56;
			productRefGroup = C29DBCE71FEC03C700A7EB56 /* Products */;
			projectDirPath = "";
			projectRoot = "";
			targets = (
				C29DBCE51FEC03C700A7EB56 /* MoonKit_iOS */,
				C29DBCEE1FEC03C700A7EB56 /* MoonKit_iOSTests */,
				C29DBD041FEC041400A7EB56 /* MoonKit_Mac */,
				C29DBD0C1FEC041400A7EB56 /* MoonKit_MacTests */,
			);
		};
/* End PBXProject section */

/* Begin PBXResourcesBuildPhase section */
		C29DBCE41FEC03C700A7EB56 /* Resources */ = {
			isa = PBXResourcesBuildPhase;
			buildActionMask = 2147483647;
			files = (
			);
			runOnlyForDeploymentPostprocessing = 0;
		};
		C29DBCED1FEC03C700A7EB56 /* Resources */ = {
			isa = PBXResourcesBuildPhase;
			buildActionMask = 2147483647;
			files = (
			);
			runOnlyForDeploymentPostprocessing = 0;
		};
		C29DBD031FEC041400A7EB56 /* Resources */ = {
			isa = PBXResourcesBuildPhase;
			buildActionMask = 2147483647;
			files = (
			);
			runOnlyForDeploymentPostprocessing = 0;
		};
		C29DBD0B1FEC041400A7EB56 /* Resources */ = {
			isa = PBXResourcesBuildPhase;
			buildActionMask = 2147483647;
			files = (
			);
			runOnlyForDeploymentPostprocessing = 0;
		};
/* End PBXResourcesBuildPhase section */

/* Begin PBXSourcesBuildPhase section */
		C29DBCE11FEC03C700A7EB56 /* Sources */ = {
			isa = PBXSourcesBuildPhase;
			buildActionMask = 2147483647;
			files = (
				C29DBD321FEC06AC00A7EB56 /* KeyPathConvenienceExtensions.swift in Sources */,
				C29DBD301FEC06AC00A7EB56 /* CollectionSubranges.swift in Sources */,
				C29DBD4A1FEC078C00A7EB56 /* Bytes.swift in Sources */,
				C29DBD431FEC072800A7EB56 /* FourCharacterCode.swift in Sources */,
				C29DBD481FEC078C00A7EB56 /* ByteArrayConvertible.swift in Sources */,
				C2E6CB81201ACFFE00D50E78 /* HostTimeBase.swift in Sources */,
				C29DBD401FEC071700A7EB56 /* Strings.swift in Sources */,
				C29DBD2E1FEC06AC00A7EB56 /* CollectionCreationOperators.swift in Sources */,
				C2E6CB7E201AAC4C00D50E78 /* Date.swift in Sources */,
				C29DBD381FEC06D400A7EB56 /* SequenceManipulation.swift in Sources */,
				C29DBD361FEC06D400A7EB56 /* Zip.swift in Sources */,
				C29DBD3D1FEC06F900A7EB56 /* RegularExpression.swift in Sources */,
				C29DBD2C1FEC06AC00A7EB56 /* DictionaryMerging.swift in Sources */,
			);
			runOnlyForDeploymentPostprocessing = 0;
		};
		C29DBCEB1FEC03C700A7EB56 /* Sources */ = {
			isa = PBXSourcesBuildPhase;
			buildActionMask = 2147483647;
			files = (
				C29DBD241FEC052000A7EB56 /* MoonKitTests.swift in Sources */,
			);
			runOnlyForDeploymentPostprocessing = 0;
		};
		C29DBD001FEC041400A7EB56 /* Sources */ = {
			isa = PBXSourcesBuildPhase;
			buildActionMask = 2147483647;
			files = (
				C29DBD331FEC06AC00A7EB56 /* KeyPathConvenienceExtensions.swift in Sources */,
				C29DBD311FEC06AC00A7EB56 /* CollectionSubranges.swift in Sources */,
				C29DBD4B1FEC078C00A7EB56 /* Bytes.swift in Sources */,
				C29DBD441FEC072800A7EB56 /* FourCharacterCode.swift in Sources */,
				C29DBD491FEC078C00A7EB56 /* ByteArrayConvertible.swift in Sources */,
				C29DBD411FEC071700A7EB56 /* Strings.swift in Sources */,
				C29DBD5A1FEC0CE900A7EB56 /* Paths.swift in Sources */,
				C2E6CB82201ACFFE00D50E78 /* HostTimeBase.swift in Sources */,
				C29DBD2F1FEC06AC00A7EB56 /* CollectionCreationOperators.swift in Sources */,
				C29DBD391FEC06D400A7EB56 /* SequenceManipulation.swift in Sources */,
				C29DBD371FEC06D400A7EB56 /* Zip.swift in Sources */,
				C29DBD3E1FEC06F900A7EB56 /* RegularExpression.swift in Sources */,
				C2E6CB7F201AAC4C00D50E78 /* Date.swift in Sources */,
				C29DBD2D1FEC06AC00A7EB56 /* DictionaryMerging.swift in Sources */,
			);
			runOnlyForDeploymentPostprocessing = 0;
		};
		C29DBD091FEC041400A7EB56 /* Sources */ = {
			isa = PBXSourcesBuildPhase;
			buildActionMask = 2147483647;
			files = (
				C29DBD251FEC052100A7EB56 /* MoonKitTests.swift in Sources */,
			);
			runOnlyForDeploymentPostprocessing = 0;
		};
/* End PBXSourcesBuildPhase section */

/* Begin PBXTargetDependency section */
		C29DBCF21FEC03C700A7EB56 /* PBXTargetDependency */ = {
			isa = PBXTargetDependency;
			target = C29DBCE51FEC03C700A7EB56 /* MoonKit_iOS */;
			targetProxy = C29DBCF11FEC03C700A7EB56 /* PBXContainerItemProxy */;
		};
		C29DBD101FEC041400A7EB56 /* PBXTargetDependency */ = {
			isa = PBXTargetDependency;
			target = C29DBD041FEC041400A7EB56 /* MoonKit_Mac */;
			targetProxy = C29DBD0F1FEC041400A7EB56 /* PBXContainerItemProxy */;
		};
/* End PBXTargetDependency section */

/* Begin XCBuildConfiguration section */
		C29DBCF81FEC03C700A7EB56 /* Debug */ = {
			isa = XCBuildConfiguration;
			buildSettings = {
				ALWAYS_SEARCH_USER_PATHS = NO;
				CLANG_ANALYZER_NONNULL = YES;
				CLANG_ANALYZER_NUMBER_OBJECT_CONVERSION = YES_AGGRESSIVE;
				CLANG_CXX_LANGUAGE_STANDARD = "gnu++14";
				CLANG_CXX_LIBRARY = "libc++";
				CLANG_ENABLE_MODULES = YES;
				CLANG_ENABLE_OBJC_ARC = YES;
				CLANG_WARN_BLOCK_CAPTURE_AUTORELEASING = YES;
				CLANG_WARN_BOOL_CONVERSION = YES;
				CLANG_WARN_COMMA = YES;
				CLANG_WARN_CONSTANT_CONVERSION = YES;
				CLANG_WARN_DIRECT_OBJC_ISA_USAGE = YES_ERROR;
				CLANG_WARN_DOCUMENTATION_COMMENTS = YES;
				CLANG_WARN_EMPTY_BODY = YES;
				CLANG_WARN_ENUM_CONVERSION = YES;
				CLANG_WARN_INFINITE_RECURSION = YES;
				CLANG_WARN_INT_CONVERSION = YES;
				CLANG_WARN_NON_LITERAL_NULL_CONVERSION = YES;
				CLANG_WARN_OBJC_LITERAL_CONVERSION = YES;
				CLANG_WARN_OBJC_ROOT_CLASS = YES_ERROR;
				CLANG_WARN_RANGE_LOOP_ANALYSIS = YES;
				CLANG_WARN_STRICT_PROTOTYPES = YES;
				CLANG_WARN_SUSPICIOUS_MOVE = YES;
				CLANG_WARN_UNGUARDED_AVAILABILITY = YES_AGGRESSIVE;
				CLANG_WARN_UNREACHABLE_CODE = YES;
				CLANG_WARN__DUPLICATE_METHOD_MATCH = YES;
				CODE_SIGN_IDENTITY = "iPhone Developer";
				COPY_PHASE_STRIP = NO;
				CURRENT_PROJECT_VERSION = 1;
				DEBUG_INFORMATION_FORMAT = dwarf;
				ENABLE_STRICT_OBJC_MSGSEND = YES;
				ENABLE_TESTABILITY = YES;
				GCC_C_LANGUAGE_STANDARD = gnu11;
				GCC_DYNAMIC_NO_PIC = NO;
				GCC_NO_COMMON_BLOCKS = YES;
				GCC_OPTIMIZATION_LEVEL = 0;
				GCC_PREPROCESSOR_DEFINITIONS = (
					"DEBUG=1",
					"$(inherited)",
				);
				GCC_WARN_64_TO_32_BIT_CONVERSION = YES;
				GCC_WARN_ABOUT_RETURN_TYPE = YES_ERROR;
				GCC_WARN_UNDECLARED_SELECTOR = YES;
				GCC_WARN_UNINITIALIZED_AUTOS = YES_AGGRESSIVE;
				GCC_WARN_UNUSED_FUNCTION = YES;
				GCC_WARN_UNUSED_VARIABLE = YES;
				IPHONEOS_DEPLOYMENT_TARGET = 11.2;
				MTL_ENABLE_DEBUG_INFO = YES;
				ONLY_ACTIVE_ARCH = YES;
				SDKROOT = iphoneos;
				SWIFT_ACTIVE_COMPILATION_CONDITIONS = DEBUG;
				SWIFT_OPTIMIZATION_LEVEL = "-Onone";
				VERSIONING_SYSTEM = "apple-generic";
				VERSION_INFO_PREFIX = "";
			};
			name = Debug;
		};
		C29DBCF91FEC03C700A7EB56 /* Release */ = {
			isa = XCBuildConfiguration;
			buildSettings = {
				ALWAYS_SEARCH_USER_PATHS = NO;
				CLANG_ANALYZER_NONNULL = YES;
				CLANG_ANALYZER_NUMBER_OBJECT_CONVERSION = YES_AGGRESSIVE;
				CLANG_CXX_LANGUAGE_STANDARD = "gnu++14";
				CLANG_CXX_LIBRARY = "libc++";
				CLANG_ENABLE_MODULES = YES;
				CLANG_ENABLE_OBJC_ARC = YES;
				CLANG_WARN_BLOCK_CAPTURE_AUTORELEASING = YES;
				CLANG_WARN_BOOL_CONVERSION = YES;
				CLANG_WARN_COMMA = YES;
				CLANG_WARN_CONSTANT_CONVERSION = YES;
				CLANG_WARN_DIRECT_OBJC_ISA_USAGE = YES_ERROR;
				CLANG_WARN_DOCUMENTATION_COMMENTS = YES;
				CLANG_WARN_EMPTY_BODY = YES;
				CLANG_WARN_ENUM_CONVERSION = YES;
				CLANG_WARN_INFINITE_RECURSION = YES;
				CLANG_WARN_INT_CONVERSION = YES;
				CLANG_WARN_NON_LITERAL_NULL_CONVERSION = YES;
				CLANG_WARN_OBJC_LITERAL_CONVERSION = YES;
				CLANG_WARN_OBJC_ROOT_CLASS = YES_ERROR;
				CLANG_WARN_RANGE_LOOP_ANALYSIS = YES;
				CLANG_WARN_STRICT_PROTOTYPES = YES;
				CLANG_WARN_SUSPICIOUS_MOVE = YES;
				CLANG_WARN_UNGUARDED_AVAILABILITY = YES_AGGRESSIVE;
				CLANG_WARN_UNREACHABLE_CODE = YES;
				CLANG_WARN__DUPLICATE_METHOD_MATCH = YES;
				CODE_SIGN_IDENTITY = "iPhone Developer";
				COPY_PHASE_STRIP = NO;
				CURRENT_PROJECT_VERSION = 1;
				DEBUG_INFORMATION_FORMAT = "dwarf-with-dsym";
				ENABLE_NS_ASSERTIONS = NO;
				ENABLE_STRICT_OBJC_MSGSEND = YES;
				GCC_C_LANGUAGE_STANDARD = gnu11;
				GCC_NO_COMMON_BLOCKS = YES;
				GCC_WARN_64_TO_32_BIT_CONVERSION = YES;
				GCC_WARN_ABOUT_RETURN_TYPE = YES_ERROR;
				GCC_WARN_UNDECLARED_SELECTOR = YES;
				GCC_WARN_UNINITIALIZED_AUTOS = YES_AGGRESSIVE;
				GCC_WARN_UNUSED_FUNCTION = YES;
				GCC_WARN_UNUSED_VARIABLE = YES;
				IPHONEOS_DEPLOYMENT_TARGET = 11.2;
				MTL_ENABLE_DEBUG_INFO = NO;
				SDKROOT = iphoneos;
				SWIFT_OPTIMIZATION_LEVEL = "-Owholemodule";
				VALIDATE_PRODUCT = YES;
				VERSIONING_SYSTEM = "apple-generic";
				VERSION_INFO_PREFIX = "";
			};
			name = Release;
		};
		C29DBCFB1FEC03C700A7EB56 /* Debug */ = {
			isa = XCBuildConfiguration;
			buildSettings = {
				CLANG_ENABLE_MODULES = YES;
				CODE_SIGN_IDENTITY = "";
				CODE_SIGN_STYLE = Automatic;
				DEFINES_MODULE = YES;
				DEVELOPMENT_TEAM = JT6STF4SHA;
				DYLIB_COMPATIBILITY_VERSION = 1;
				DYLIB_CURRENT_VERSION = 1;
				DYLIB_INSTALL_NAME_BASE = "@rpath";
				INFOPLIST_FILE = CommonSource/Info.plist;
				INSTALL_PATH = "$(LOCAL_LIBRARY_DIR)/Frameworks";
				LD_RUNPATH_SEARCH_PATHS = "$(inherited) @executable_path/Frameworks @loader_path/Frameworks";
				PRODUCT_BUNDLE_IDENTIFIER = "com.moondeerstudios.MoonKit-iOS";
				PRODUCT_NAME = MoonKit;
				SKIP_INSTALL = YES;
				SWIFT_OPTIMIZATION_LEVEL = "-Onone";
				SWIFT_VERSION = 4.0;
				TARGETED_DEVICE_FAMILY = "1,2";
			};
			name = Debug;
		};
		C29DBCFC1FEC03C700A7EB56 /* Release */ = {
			isa = XCBuildConfiguration;
			buildSettings = {
				CLANG_ENABLE_MODULES = YES;
				CODE_SIGN_IDENTITY = "";
				CODE_SIGN_STYLE = Automatic;
				DEFINES_MODULE = YES;
				DEVELOPMENT_TEAM = JT6STF4SHA;
				DYLIB_COMPATIBILITY_VERSION = 1;
				DYLIB_CURRENT_VERSION = 1;
				DYLIB_INSTALL_NAME_BASE = "@rpath";
				INFOPLIST_FILE = CommonSource/Info.plist;
				INSTALL_PATH = "$(LOCAL_LIBRARY_DIR)/Frameworks";
				LD_RUNPATH_SEARCH_PATHS = "$(inherited) @executable_path/Frameworks @loader_path/Frameworks";
				PRODUCT_BUNDLE_IDENTIFIER = "com.moondeerstudios.MoonKit-iOS";
				PRODUCT_NAME = MoonKit;
				SKIP_INSTALL = YES;
				SWIFT_VERSION = 4.0;
				TARGETED_DEVICE_FAMILY = "1,2";
			};
			name = Release;
		};
		C29DBCFE1FEC03C700A7EB56 /* Debug */ = {
			isa = XCBuildConfiguration;
			buildSettings = {
				ALWAYS_EMBED_SWIFT_STANDARD_LIBRARIES = YES;
				CODE_SIGN_STYLE = Automatic;
				DEVELOPMENT_TEAM = JT6STF4SHA;
				INFOPLIST_FILE = MoonKit_iOSTests/Info.plist;
				LD_RUNPATH_SEARCH_PATHS = "$(inherited) @executable_path/Frameworks @loader_path/Frameworks";
				PRODUCT_BUNDLE_IDENTIFIER = "com.moondeerstudios.MoonKit-iOSTests";
				PRODUCT_NAME = "$(TARGET_NAME)";
				SWIFT_VERSION = 4.0;
				TARGETED_DEVICE_FAMILY = "1,2";
			};
			name = Debug;
		};
		C29DBCFF1FEC03C700A7EB56 /* Release */ = {
			isa = XCBuildConfiguration;
			buildSettings = {
				ALWAYS_EMBED_SWIFT_STANDARD_LIBRARIES = YES;
				CODE_SIGN_STYLE = Automatic;
				DEVELOPMENT_TEAM = JT6STF4SHA;
				INFOPLIST_FILE = MoonKit_iOSTests/Info.plist;
				LD_RUNPATH_SEARCH_PATHS = "$(inherited) @executable_path/Frameworks @loader_path/Frameworks";
				PRODUCT_BUNDLE_IDENTIFIER = "com.moondeerstudios.MoonKit-iOSTests";
				PRODUCT_NAME = "$(TARGET_NAME)";
				SWIFT_VERSION = 4.0;
				TARGETED_DEVICE_FAMILY = "1,2";
			};
			name = Release;
		};
		C29DBD171FEC041400A7EB56 /* Debug */ = {
			isa = XCBuildConfiguration;
			buildSettings = {
				CLANG_ENABLE_MODULES = YES;
				CODE_SIGN_IDENTITY = "";
				CODE_SIGN_STYLE = Automatic;
				COMBINE_HIDPI_IMAGES = YES;
				DEFINES_MODULE = YES;
				DEVELOPMENT_TEAM = JT6STF4SHA;
				DYLIB_COMPATIBILITY_VERSION = 1;
				DYLIB_CURRENT_VERSION = 1;
				DYLIB_INSTALL_NAME_BASE = "@rpath";
				FRAMEWORK_VERSION = A;
				INFOPLIST_FILE = CommonSource/Info.plist;
				INSTALL_PATH = "$(LOCAL_LIBRARY_DIR)/Frameworks";
				LD_RUNPATH_SEARCH_PATHS = "$(inherited) @executable_path/../Frameworks @loader_path/Frameworks";
				MACOSX_DEPLOYMENT_TARGET = 10.13;
				PRODUCT_BUNDLE_IDENTIFIER = "com.moondeerstudios.MoonKit-Mac";
				PRODUCT_NAME = MoonKit;
				SDKROOT = macosx;
				SKIP_INSTALL = YES;
				SWIFT_OPTIMIZATION_LEVEL = "-Onone";
				SWIFT_VERSION = 4.0;
			};
			name = Debug;
		};
		C29DBD181FEC041400A7EB56 /* Release */ = {
			isa = XCBuildConfiguration;
			buildSettings = {
				CLANG_ENABLE_MODULES = YES;
				CODE_SIGN_IDENTITY = "";
				CODE_SIGN_STYLE = Automatic;
				COMBINE_HIDPI_IMAGES = YES;
				DEFINES_MODULE = YES;
				DEVELOPMENT_TEAM = JT6STF4SHA;
				DYLIB_COMPATIBILITY_VERSION = 1;
				DYLIB_CURRENT_VERSION = 1;
				DYLIB_INSTALL_NAME_BASE = "@rpath";
				FRAMEWORK_VERSION = A;
				INFOPLIST_FILE = CommonSource/Info.plist;
				INSTALL_PATH = "$(LOCAL_LIBRARY_DIR)/Frameworks";
				LD_RUNPATH_SEARCH_PATHS = "$(inherited) @executable_path/../Frameworks @loader_path/Frameworks";
				MACOSX_DEPLOYMENT_TARGET = 10.13;
				PRODUCT_BUNDLE_IDENTIFIER = "com.moondeerstudios.MoonKit-Mac";
				PRODUCT_NAME = MoonKit;
				SDKROOT = macosx;
				SKIP_INSTALL = YES;
				SWIFT_VERSION = 4.0;
			};
			name = Release;
		};
		C29DBD1A1FEC041400A7EB56 /* Debug */ = {
			isa = XCBuildConfiguration;
			buildSettings = {
				ALWAYS_EMBED_SWIFT_STANDARD_LIBRARIES = YES;
				CODE_SIGN_IDENTITY = "Mac Developer";
				CODE_SIGN_STYLE = Automatic;
				COMBINE_HIDPI_IMAGES = YES;
				DEVELOPMENT_TEAM = JT6STF4SHA;
				INFOPLIST_FILE = MoonKit_MacTests/Info.plist;
				LD_RUNPATH_SEARCH_PATHS = "$(inherited) @executable_path/../Frameworks @loader_path/../Frameworks";
				MACOSX_DEPLOYMENT_TARGET = 10.13;
				PRODUCT_BUNDLE_IDENTIFIER = "com.moondeerstudios.MoonKit-MacTests";
				PRODUCT_NAME = "$(TARGET_NAME)";
				SDKROOT = macosx;
				SWIFT_VERSION = 4.0;
			};
			name = Debug;
		};
		C29DBD1B1FEC041400A7EB56 /* Release */ = {
			isa = XCBuildConfiguration;
			buildSettings = {
				ALWAYS_EMBED_SWIFT_STANDARD_LIBRARIES = YES;
				CODE_SIGN_IDENTITY = "Mac Developer";
				CODE_SIGN_STYLE = Automatic;
				COMBINE_HIDPI_IMAGES = YES;
				DEVELOPMENT_TEAM = JT6STF4SHA;
				INFOPLIST_FILE = MoonKit_MacTests/Info.plist;
				LD_RUNPATH_SEARCH_PATHS = "$(inherited) @executable_path/../Frameworks @loader_path/../Frameworks";
				MACOSX_DEPLOYMENT_TARGET = 10.13;
				PRODUCT_BUNDLE_IDENTIFIER = "com.moondeerstudios.MoonKit-MacTests";
				PRODUCT_NAME = "$(TARGET_NAME)";
				SDKROOT = macosx;
				SWIFT_VERSION = 4.0;
			};
			name = Release;
		};
/* End XCBuildConfiguration section */

/* Begin XCConfigurationList section */
		C29DBCE01FEC03C700A7EB56 /* Build configuration list for PBXProject "MoonKit" */ = {
			isa = XCConfigurationList;
			buildConfigurations = (
				C29DBCF81FEC03C700A7EB56 /* Debug */,
				C29DBCF91FEC03C700A7EB56 /* Release */,
			);
			defaultConfigurationIsVisible = 0;
			defaultConfigurationName = Release;
		};
		C29DBCFA1FEC03C700A7EB56 /* Build configuration list for PBXNativeTarget "MoonKit_iOS" */ = {
			isa = XCConfigurationList;
			buildConfigurations = (
				C29DBCFB1FEC03C700A7EB56 /* Debug */,
				C29DBCFC1FEC03C700A7EB56 /* Release */,
			);
			defaultConfigurationIsVisible = 0;
			defaultConfigurationName = Release;
		};
		C29DBCFD1FEC03C700A7EB56 /* Build configuration list for PBXNativeTarget "MoonKit_iOSTests" */ = {
			isa = XCConfigurationList;
			buildConfigurations = (
				C29DBCFE1FEC03C700A7EB56 /* Debug */,
				C29DBCFF1FEC03C700A7EB56 /* Release */,
			);
			defaultConfigurationIsVisible = 0;
			defaultConfigurationName = Release;
		};
		C29DBD161FEC041400A7EB56 /* Build configuration list for PBXNativeTarget "MoonKit_Mac" */ = {
			isa = XCConfigurationList;
			buildConfigurations = (
				C29DBD171FEC041400A7EB56 /* Debug */,
				C29DBD181FEC041400A7EB56 /* Release */,
			);
			defaultConfigurationIsVisible = 0;
			defaultConfigurationName = Release;
		};
		C29DBD191FEC041400A7EB56 /* Build configuration list for PBXNativeTarget "MoonKit_MacTests" */ = {
			isa = XCConfigurationList;
			buildConfigurations = (
				C29DBD1A1FEC041400A7EB56 /* Debug */,
				C29DBD1B1FEC041400A7EB56 /* Release */,
			);
			defaultConfigurationIsVisible = 0;
			defaultConfigurationName = Release;
		};
/* End XCConfigurationList section */
	};
	rootObject = C29DBCDD1FEC03C700A7EB56 /* Project object */;
}
