// !$*UTF8*$!
{
	archiveVersion = 1;
	classes = {
	};
	objectVersion = 50;
	objects = {

/* Begin PBXBuildFile section */
		C23591AC20A63FC400F1C813 /* AttributedStrings.swift in Sources */ = {isa = PBXBuildFile; fileRef = C23591AB20A63FC400F1C813 /* AttributedStrings.swift */; };
		C23591AD20A63FC400F1C813 /* AttributedStrings.swift in Sources */ = {isa = PBXBuildFile; fileRef = C23591AB20A63FC400F1C813 /* AttributedStrings.swift */; };
		C23591BD20A641EC00F1C813 /* InputMonoCompressed-Italic.ttf in Resources */ = {isa = PBXBuildFile; fileRef = C23591AF20A641EC00F1C813 /* InputMonoCompressed-Italic.ttf */; };
		C23591BE20A641EC00F1C813 /* InputMonoCompressed-Italic.ttf in Resources */ = {isa = PBXBuildFile; fileRef = C23591AF20A641EC00F1C813 /* InputMonoCompressed-Italic.ttf */; };
		C23591BF20A641EC00F1C813 /* InputMonoCompressed-LightItalic.ttf in Resources */ = {isa = PBXBuildFile; fileRef = C23591B020A641EC00F1C813 /* InputMonoCompressed-LightItalic.ttf */; };
		C23591C020A641EC00F1C813 /* InputMonoCompressed-LightItalic.ttf in Resources */ = {isa = PBXBuildFile; fileRef = C23591B020A641EC00F1C813 /* InputMonoCompressed-LightItalic.ttf */; };
		C23591C120A641EC00F1C813 /* InputMonoCompressed-Black.ttf in Resources */ = {isa = PBXBuildFile; fileRef = C23591B120A641EC00F1C813 /* InputMonoCompressed-Black.ttf */; };
		C23591C220A641EC00F1C813 /* InputMonoCompressed-Black.ttf in Resources */ = {isa = PBXBuildFile; fileRef = C23591B120A641EC00F1C813 /* InputMonoCompressed-Black.ttf */; };
		C23591C320A641EC00F1C813 /* InputMonoCompressed-BlackItalic.ttf in Resources */ = {isa = PBXBuildFile; fileRef = C23591B220A641EC00F1C813 /* InputMonoCompressed-BlackItalic.ttf */; };
		C23591C420A641EC00F1C813 /* InputMonoCompressed-BlackItalic.ttf in Resources */ = {isa = PBXBuildFile; fileRef = C23591B220A641EC00F1C813 /* InputMonoCompressed-BlackItalic.ttf */; };
		C23591C520A641EC00F1C813 /* InputMonoCompressed-Thin.ttf in Resources */ = {isa = PBXBuildFile; fileRef = C23591B320A641EC00F1C813 /* InputMonoCompressed-Thin.ttf */; };
		C23591C620A641EC00F1C813 /* InputMonoCompressed-Thin.ttf in Resources */ = {isa = PBXBuildFile; fileRef = C23591B320A641EC00F1C813 /* InputMonoCompressed-Thin.ttf */; };
		C23591C720A641EC00F1C813 /* InputMonoCompressed-MediumItalic.ttf in Resources */ = {isa = PBXBuildFile; fileRef = C23591B420A641EC00F1C813 /* InputMonoCompressed-MediumItalic.ttf */; };
		C23591C820A641EC00F1C813 /* InputMonoCompressed-MediumItalic.ttf in Resources */ = {isa = PBXBuildFile; fileRef = C23591B420A641EC00F1C813 /* InputMonoCompressed-MediumItalic.ttf */; };
		C23591C920A641EC00F1C813 /* InputMonoCompressed-Light.ttf in Resources */ = {isa = PBXBuildFile; fileRef = C23591B520A641EC00F1C813 /* InputMonoCompressed-Light.ttf */; };
		C23591CA20A641EC00F1C813 /* InputMonoCompressed-Light.ttf in Resources */ = {isa = PBXBuildFile; fileRef = C23591B520A641EC00F1C813 /* InputMonoCompressed-Light.ttf */; };
		C23591CB20A641EC00F1C813 /* InputMonoCompressed-ExtraLightItalic.ttf in Resources */ = {isa = PBXBuildFile; fileRef = C23591B620A641EC00F1C813 /* InputMonoCompressed-ExtraLightItalic.ttf */; };
		C23591CC20A641EC00F1C813 /* InputMonoCompressed-ExtraLightItalic.ttf in Resources */ = {isa = PBXBuildFile; fileRef = C23591B620A641EC00F1C813 /* InputMonoCompressed-ExtraLightItalic.ttf */; };
		C23591CD20A641EC00F1C813 /* InputMonoCompressed-Bold.ttf in Resources */ = {isa = PBXBuildFile; fileRef = C23591B720A641EC00F1C813 /* InputMonoCompressed-Bold.ttf */; };
		C23591CE20A641EC00F1C813 /* InputMonoCompressed-Bold.ttf in Resources */ = {isa = PBXBuildFile; fileRef = C23591B720A641EC00F1C813 /* InputMonoCompressed-Bold.ttf */; };
		C23591CF20A641EC00F1C813 /* InputMonoCompressed-ThinItalic.ttf in Resources */ = {isa = PBXBuildFile; fileRef = C23591B820A641EC00F1C813 /* InputMonoCompressed-ThinItalic.ttf */; };
		C23591D020A641EC00F1C813 /* InputMonoCompressed-ThinItalic.ttf in Resources */ = {isa = PBXBuildFile; fileRef = C23591B820A641EC00F1C813 /* InputMonoCompressed-ThinItalic.ttf */; };
		C23591D120A641EC00F1C813 /* InputMonoCompressed-ExtraLight.ttf in Resources */ = {isa = PBXBuildFile; fileRef = C23591B920A641EC00F1C813 /* InputMonoCompressed-ExtraLight.ttf */; };
		C23591D220A641EC00F1C813 /* InputMonoCompressed-ExtraLight.ttf in Resources */ = {isa = PBXBuildFile; fileRef = C23591B920A641EC00F1C813 /* InputMonoCompressed-ExtraLight.ttf */; };
		C23591D320A641EC00F1C813 /* InputMonoCompressed-Medium.ttf in Resources */ = {isa = PBXBuildFile; fileRef = C23591BA20A641EC00F1C813 /* InputMonoCompressed-Medium.ttf */; };
		C23591D420A641EC00F1C813 /* InputMonoCompressed-Medium.ttf in Resources */ = {isa = PBXBuildFile; fileRef = C23591BA20A641EC00F1C813 /* InputMonoCompressed-Medium.ttf */; };
		C23591D520A641EC00F1C813 /* InputMonoCompressed-BoldItalic.ttf in Resources */ = {isa = PBXBuildFile; fileRef = C23591BB20A641EC00F1C813 /* InputMonoCompressed-BoldItalic.ttf */; };
		C23591D620A641EC00F1C813 /* InputMonoCompressed-BoldItalic.ttf in Resources */ = {isa = PBXBuildFile; fileRef = C23591BB20A641EC00F1C813 /* InputMonoCompressed-BoldItalic.ttf */; };
		C23591D720A641EC00F1C813 /* InputMonoCompressed-Regular.ttf in Resources */ = {isa = PBXBuildFile; fileRef = C23591BC20A641EC00F1C813 /* InputMonoCompressed-Regular.ttf */; };
		C23591D820A641EC00F1C813 /* InputMonoCompressed-Regular.ttf in Resources */ = {isa = PBXBuildFile; fileRef = C23591BC20A641EC00F1C813 /* InputMonoCompressed-Regular.ttf */; };
		C23591DC20A6423900F1C813 /* FontStyle.swift in Sources */ = {isa = PBXBuildFile; fileRef = C23591DA20A6423900F1C813 /* FontStyle.swift */; };
		C23591DD20A6423900F1C813 /* FontStyle.swift in Sources */ = {isa = PBXBuildFile; fileRef = C23591DA20A6423900F1C813 /* FontStyle.swift */; };
		C23591DE20A6423900F1C813 /* Fonts.swift in Sources */ = {isa = PBXBuildFile; fileRef = C23591DB20A6423900F1C813 /* Fonts.swift */; };
		C23591DF20A6423900F1C813 /* Fonts.swift in Sources */ = {isa = PBXBuildFile; fileRef = C23591DB20A6423900F1C813 /* Fonts.swift */; };
		C250064120C8314A005A1BEB /* Helpers.swift in Sources */ = {isa = PBXBuildFile; fileRef = C250064020C83149005A1BEB /* Helpers.swift */; };
		C250064220C8314A005A1BEB /* Helpers.swift in Sources */ = {isa = PBXBuildFile; fileRef = C250064020C83149005A1BEB /* Helpers.swift */; };
		C250064420C831A5005A1BEB /* Logging.swift in Sources */ = {isa = PBXBuildFile; fileRef = C250064320C831A5005A1BEB /* Logging.swift */; };
		C250064520C831A5005A1BEB /* Logging.swift in Sources */ = {isa = PBXBuildFile; fileRef = C250064320C831A5005A1BEB /* Logging.swift */; };
		C250064720C831F0005A1BEB /* DebugConsoleView.swift in Sources */ = {isa = PBXBuildFile; fileRef = C250064620C831F0005A1BEB /* DebugConsoleView.swift */; };
		C250064820C831F0005A1BEB /* DebugConsoleView.swift in Sources */ = {isa = PBXBuildFile; fileRef = C250064620C831F0005A1BEB /* DebugConsoleView.swift */; };
		C273171F258D55AE00554FB2 /* Queue.swift in Sources */ = {isa = PBXBuildFile; fileRef = C2E3FC89258D1AD3000AA924 /* Queue.swift */; };
		C2731720258D55AF00554FB2 /* Queue.swift in Sources */ = {isa = PBXBuildFile; fileRef = C2E3FC89258D1AD3000AA924 /* Queue.swift */; };
		C2731724258D586100554FB2 /* SetAlgebraType.swift in Sources */ = {isa = PBXBuildFile; fileRef = C2731723258D586100554FB2 /* SetAlgebraType.swift */; };
		C2731725258D586100554FB2 /* SetAlgebraType.swift in Sources */ = {isa = PBXBuildFile; fileRef = C2731723258D586100554FB2 /* SetAlgebraType.swift */; };
		C273172A258D5F7A00554FB2 /* SetType.swift in Sources */ = {isa = PBXBuildFile; fileRef = C2E3FC8E258D1AD3000AA924 /* SetType.swift */; };
		C273172D258D5F7C00554FB2 /* SetType.swift in Sources */ = {isa = PBXBuildFile; fileRef = C2E3FC8E258D1AD3000AA924 /* SetType.swift */; };
		C273173A258D665000554FB2 /* RepeatingSequence.swift in Sources */ = {isa = PBXBuildFile; fileRef = C2E3FC91258D1AD4000AA924 /* RepeatingSequence.swift */; };
		C273173B258D665100554FB2 /* RepeatingSequence.swift in Sources */ = {isa = PBXBuildFile; fileRef = C2E3FC91258D1AD4000AA924 /* RepeatingSequence.swift */; };
		C29DBD221FEC04E300A7EB56 /* MoonKit.h in Headers */ = {isa = PBXBuildFile; fileRef = C29DBD1D1FEC046600A7EB56 /* MoonKit.h */; settings = {ATTRIBUTES = (Public, ); }; };
		C29DBD231FEC04E400A7EB56 /* MoonKit.h in Headers */ = {isa = PBXBuildFile; fileRef = C29DBD1D1FEC046600A7EB56 /* MoonKit.h */; settings = {ATTRIBUTES = (Public, ); }; };
		C29DBD2C1FEC06AC00A7EB56 /* DictionaryMerging.swift in Sources */ = {isa = PBXBuildFile; fileRef = C29DBD281FEC06AB00A7EB56 /* DictionaryMerging.swift */; };
		C29DBD2D1FEC06AC00A7EB56 /* DictionaryMerging.swift in Sources */ = {isa = PBXBuildFile; fileRef = C29DBD281FEC06AB00A7EB56 /* DictionaryMerging.swift */; };
		C29DBD2E1FEC06AC00A7EB56 /* CollectionCreationOperators.swift in Sources */ = {isa = PBXBuildFile; fileRef = C29DBD291FEC06AB00A7EB56 /* CollectionCreationOperators.swift */; };
		C29DBD2F1FEC06AC00A7EB56 /* CollectionCreationOperators.swift in Sources */ = {isa = PBXBuildFile; fileRef = C29DBD291FEC06AB00A7EB56 /* CollectionCreationOperators.swift */; };
		C29DBD301FEC06AC00A7EB56 /* CollectionSubranges.swift in Sources */ = {isa = PBXBuildFile; fileRef = C29DBD2A1FEC06AB00A7EB56 /* CollectionSubranges.swift */; };
		C29DBD311FEC06AC00A7EB56 /* CollectionSubranges.swift in Sources */ = {isa = PBXBuildFile; fileRef = C29DBD2A1FEC06AB00A7EB56 /* CollectionSubranges.swift */; };
		C29DBD321FEC06AC00A7EB56 /* KeyPathConvenienceExtensions.swift in Sources */ = {isa = PBXBuildFile; fileRef = C29DBD2B1FEC06AB00A7EB56 /* KeyPathConvenienceExtensions.swift */; };
		C29DBD331FEC06AC00A7EB56 /* KeyPathConvenienceExtensions.swift in Sources */ = {isa = PBXBuildFile; fileRef = C29DBD2B1FEC06AB00A7EB56 /* KeyPathConvenienceExtensions.swift */; };
		C29DBD361FEC06D400A7EB56 /* Zip.swift in Sources */ = {isa = PBXBuildFile; fileRef = C29DBD341FEC06D400A7EB56 /* Zip.swift */; };
		C29DBD371FEC06D400A7EB56 /* Zip.swift in Sources */ = {isa = PBXBuildFile; fileRef = C29DBD341FEC06D400A7EB56 /* Zip.swift */; };
		C29DBD381FEC06D400A7EB56 /* SequenceManipulation.swift in Sources */ = {isa = PBXBuildFile; fileRef = C29DBD351FEC06D400A7EB56 /* SequenceManipulation.swift */; };
		C29DBD391FEC06D400A7EB56 /* SequenceManipulation.swift in Sources */ = {isa = PBXBuildFile; fileRef = C29DBD351FEC06D400A7EB56 /* SequenceManipulation.swift */; };
		C29DBD3D1FEC06F900A7EB56 /* RegularExpression.swift in Sources */ = {isa = PBXBuildFile; fileRef = C29DBD3C1FEC06F900A7EB56 /* RegularExpression.swift */; };
		C29DBD3E1FEC06F900A7EB56 /* RegularExpression.swift in Sources */ = {isa = PBXBuildFile; fileRef = C29DBD3C1FEC06F900A7EB56 /* RegularExpression.swift */; };
		C29DBD401FEC071700A7EB56 /* Strings.swift in Sources */ = {isa = PBXBuildFile; fileRef = C29DBD3F1FEC071700A7EB56 /* Strings.swift */; };
		C29DBD411FEC071700A7EB56 /* Strings.swift in Sources */ = {isa = PBXBuildFile; fileRef = C29DBD3F1FEC071700A7EB56 /* Strings.swift */; };
		C29DBD431FEC072800A7EB56 /* FourCharacterCode.swift in Sources */ = {isa = PBXBuildFile; fileRef = C29DBD421FEC072800A7EB56 /* FourCharacterCode.swift */; };
		C29DBD441FEC072800A7EB56 /* FourCharacterCode.swift in Sources */ = {isa = PBXBuildFile; fileRef = C29DBD421FEC072800A7EB56 /* FourCharacterCode.swift */; };
		C29DBD481FEC078C00A7EB56 /* ByteArrayConvertible.swift in Sources */ = {isa = PBXBuildFile; fileRef = C29DBD461FEC078C00A7EB56 /* ByteArrayConvertible.swift */; };
		C29DBD491FEC078C00A7EB56 /* ByteArrayConvertible.swift in Sources */ = {isa = PBXBuildFile; fileRef = C29DBD461FEC078C00A7EB56 /* ByteArrayConvertible.swift */; };
		C29DBD4A1FEC078C00A7EB56 /* Bytes.swift in Sources */ = {isa = PBXBuildFile; fileRef = C29DBD471FEC078C00A7EB56 /* Bytes.swift */; };
		C29DBD4B1FEC078C00A7EB56 /* Bytes.swift in Sources */ = {isa = PBXBuildFile; fileRef = C29DBD471FEC078C00A7EB56 /* Bytes.swift */; };
		C29DBD5A1FEC0CE900A7EB56 /* Paths.swift in Sources */ = {isa = PBXBuildFile; fileRef = C29DBD591FEC0CE900A7EB56 /* Paths.swift */; };
		C2C71353258BBA2E00EC9458 /* CircularBuffer.swift in Sources */ = {isa = PBXBuildFile; fileRef = C2C71350258BBA2E00EC9458 /* CircularBuffer.swift */; };
		C2C71354258BBA2E00EC9458 /* CircularBuffer.swift in Sources */ = {isa = PBXBuildFile; fileRef = C2C71350258BBA2E00EC9458 /* CircularBuffer.swift */; };
		C2E3FD34258D3229000AA924 /* HashedStorage.swift in Sources */ = {isa = PBXBuildFile; fileRef = C2E3FC8F258D1AD4000AA924 /* HashedStorage.swift */; };
		C2E3FD37258D322A000AA924 /* HashedStorage.swift in Sources */ = {isa = PBXBuildFile; fileRef = C2E3FC8F258D1AD4000AA924 /* HashedStorage.swift */; };
		C2E3FD3A258D328A000AA924 /* Range+MoonKitAdditions.swift in Sources */ = {isa = PBXBuildFile; fileRef = C2E3FCF3258D2031000AA924 /* Range+MoonKitAdditions.swift */; };
		C2E3FD3D258D328B000AA924 /* Range+MoonKitAdditions.swift in Sources */ = {isa = PBXBuildFile; fileRef = C2E3FCF3258D2031000AA924 /* Range+MoonKitAdditions.swift */; };
		C2E3FD41258D36FE000AA924 /* Operators.swift in Sources */ = {isa = PBXBuildFile; fileRef = C2E3FCF8258D2072000AA924 /* Operators.swift */; };
		C2E3FD42258D36FE000AA924 /* MiscellaneousFunctions.swift in Sources */ = {isa = PBXBuildFile; fileRef = C2E3FD13258D29F2000AA924 /* MiscellaneousFunctions.swift */; };
		C2E3FD43258D36FE000AA924 /* Numbers.swift in Sources */ = {isa = PBXBuildFile; fileRef = C2E3FD0C258D29BA000AA924 /* Numbers.swift */; };
		C2E3FD44258D36FE000AA924 /* Math.swift in Sources */ = {isa = PBXBuildFile; fileRef = C2E3FD0B258D29BA000AA924 /* Math.swift */; };
		C2E3FD47258D36FF000AA924 /* Operators.swift in Sources */ = {isa = PBXBuildFile; fileRef = C2E3FCF8258D2072000AA924 /* Operators.swift */; };
		C2E3FD48258D36FF000AA924 /* MiscellaneousFunctions.swift in Sources */ = {isa = PBXBuildFile; fileRef = C2E3FD13258D29F2000AA924 /* MiscellaneousFunctions.swift */; };
		C2E3FD49258D36FF000AA924 /* Numbers.swift in Sources */ = {isa = PBXBuildFile; fileRef = C2E3FD0C258D29BA000AA924 /* Numbers.swift */; };
		C2E3FD4A258D36FF000AA924 /* Math.swift in Sources */ = {isa = PBXBuildFile; fileRef = C2E3FD0B258D29BA000AA924 /* Math.swift */; };
		C2E3FD4D258D3714000AA924 /* Protocols.swift in Sources */ = {isa = PBXBuildFile; fileRef = C2E3FCFD258D20D6000AA924 /* Protocols.swift */; };
		C2E3FD50258D3715000AA924 /* Protocols.swift in Sources */ = {isa = PBXBuildFile; fileRef = C2E3FCFD258D20D6000AA924 /* Protocols.swift */; };
		C2E3FD53258D372A000AA924 /* Packing.swift in Sources */ = {isa = PBXBuildFile; fileRef = C2E3FD02258D21DD000AA924 /* Packing.swift */; };
		C2E3FD54258D372A000AA924 /* Packing.swift in Sources */ = {isa = PBXBuildFile; fileRef = C2E3FD02258D21DD000AA924 /* Packing.swift */; };
		C2E3FD57258D3884000AA924 /* Stack.swift in Sources */ = {isa = PBXBuildFile; fileRef = C2E3FC92258D1AD4000AA924 /* Stack.swift */; };
		C2E3FD58258D3884000AA924 /* Stack.swift in Sources */ = {isa = PBXBuildFile; fileRef = C2E3FC92258D1AD4000AA924 /* Stack.swift */; };
		C2E6CB7E201AAC4C00D50E78 /* Date.swift in Sources */ = {isa = PBXBuildFile; fileRef = C2E6CB7D201AAC4C00D50E78 /* Date.swift */; };
		C2E6CB7F201AAC4C00D50E78 /* Date.swift in Sources */ = {isa = PBXBuildFile; fileRef = C2E6CB7D201AAC4C00D50E78 /* Date.swift */; };
		C2E6CB81201ACFFE00D50E78 /* HostTimeBase.swift in Sources */ = {isa = PBXBuildFile; fileRef = C2E6CB80201ACFFE00D50E78 /* HostTimeBase.swift */; };
		C2E6CB82201ACFFE00D50E78 /* HostTimeBase.swift in Sources */ = {isa = PBXBuildFile; fileRef = C2E6CB80201ACFFE00D50E78 /* HostTimeBase.swift */; };
/* End PBXBuildFile section */

/* Begin PBXFileReference section */
		C23591AB20A63FC400F1C813 /* AttributedStrings.swift */ = {isa = PBXFileReference; lastKnownFileType = sourcecode.swift; path = AttributedStrings.swift; sourceTree = "<group>"; };
		C23591AF20A641EC00F1C813 /* InputMonoCompressed-Italic.ttf */ = {isa = PBXFileReference; lastKnownFileType = file; path = "InputMonoCompressed-Italic.ttf"; sourceTree = "<group>"; };
		C23591B020A641EC00F1C813 /* InputMonoCompressed-LightItalic.ttf */ = {isa = PBXFileReference; lastKnownFileType = file; path = "InputMonoCompressed-LightItalic.ttf"; sourceTree = "<group>"; };
		C23591B120A641EC00F1C813 /* InputMonoCompressed-Black.ttf */ = {isa = PBXFileReference; lastKnownFileType = file; path = "InputMonoCompressed-Black.ttf"; sourceTree = "<group>"; };
		C23591B220A641EC00F1C813 /* InputMonoCompressed-BlackItalic.ttf */ = {isa = PBXFileReference; lastKnownFileType = file; path = "InputMonoCompressed-BlackItalic.ttf"; sourceTree = "<group>"; };
		C23591B320A641EC00F1C813 /* InputMonoCompressed-Thin.ttf */ = {isa = PBXFileReference; lastKnownFileType = file; path = "InputMonoCompressed-Thin.ttf"; sourceTree = "<group>"; };
		C23591B420A641EC00F1C813 /* InputMonoCompressed-MediumItalic.ttf */ = {isa = PBXFileReference; lastKnownFileType = file; path = "InputMonoCompressed-MediumItalic.ttf"; sourceTree = "<group>"; };
		C23591B520A641EC00F1C813 /* InputMonoCompressed-Light.ttf */ = {isa = PBXFileReference; lastKnownFileType = file; path = "InputMonoCompressed-Light.ttf"; sourceTree = "<group>"; };
		C23591B620A641EC00F1C813 /* InputMonoCompressed-ExtraLightItalic.ttf */ = {isa = PBXFileReference; lastKnownFileType = file; path = "InputMonoCompressed-ExtraLightItalic.ttf"; sourceTree = "<group>"; };
		C23591B720A641EC00F1C813 /* InputMonoCompressed-Bold.ttf */ = {isa = PBXFileReference; lastKnownFileType = file; path = "InputMonoCompressed-Bold.ttf"; sourceTree = "<group>"; };
		C23591B820A641EC00F1C813 /* InputMonoCompressed-ThinItalic.ttf */ = {isa = PBXFileReference; lastKnownFileType = file; path = "InputMonoCompressed-ThinItalic.ttf"; sourceTree = "<group>"; };
		C23591B920A641EC00F1C813 /* InputMonoCompressed-ExtraLight.ttf */ = {isa = PBXFileReference; lastKnownFileType = file; path = "InputMonoCompressed-ExtraLight.ttf"; sourceTree = "<group>"; };
		C23591BA20A641EC00F1C813 /* InputMonoCompressed-Medium.ttf */ = {isa = PBXFileReference; lastKnownFileType = file; path = "InputMonoCompressed-Medium.ttf"; sourceTree = "<group>"; };
		C23591BB20A641EC00F1C813 /* InputMonoCompressed-BoldItalic.ttf */ = {isa = PBXFileReference; lastKnownFileType = file; path = "InputMonoCompressed-BoldItalic.ttf"; sourceTree = "<group>"; };
		C23591BC20A641EC00F1C813 /* InputMonoCompressed-Regular.ttf */ = {isa = PBXFileReference; lastKnownFileType = file; path = "InputMonoCompressed-Regular.ttf"; sourceTree = "<group>"; };
		C23591DA20A6423900F1C813 /* FontStyle.swift */ = {isa = PBXFileReference; fileEncoding = 4; lastKnownFileType = sourcecode.swift; path = FontStyle.swift; sourceTree = "<group>"; };
		C23591DB20A6423900F1C813 /* Fonts.swift */ = {isa = PBXFileReference; fileEncoding = 4; lastKnownFileType = sourcecode.swift; path = Fonts.swift; sourceTree = "<group>"; };
		C250064020C83149005A1BEB /* Helpers.swift */ = {isa = PBXFileReference; lastKnownFileType = sourcecode.swift; path = Helpers.swift; sourceTree = "<group>"; };
		C250064320C831A5005A1BEB /* Logging.swift */ = {isa = PBXFileReference; lastKnownFileType = sourcecode.swift; path = Logging.swift; sourceTree = "<group>"; };
		C250064620C831F0005A1BEB /* DebugConsoleView.swift */ = {isa = PBXFileReference; lastKnownFileType = sourcecode.swift; path = DebugConsoleView.swift; sourceTree = "<group>"; };
		C2731712258D530500554FB2 /* Fraction.swift */ = {isa = PBXFileReference; fileEncoding = 4; lastKnownFileType = sourcecode.swift; path = Fraction.swift; sourceTree = "<group>"; };
		C2731723258D586100554FB2 /* SetAlgebraType.swift */ = {isa = PBXFileReference; fileEncoding = 4; lastKnownFileType = sourcecode.swift; path = SetAlgebraType.swift; sourceTree = "<group>"; };
		C29DBCE61FEC03C700A7EB56 /* MoonKit.framework */ = {isa = PBXFileReference; explicitFileType = wrapper.framework; includeInIndex = 0; path = MoonKit.framework; sourceTree = BUILT_PRODUCTS_DIR; };
		C29DBD051FEC041400A7EB56 /* MoonKit.framework */ = {isa = PBXFileReference; explicitFileType = wrapper.framework; includeInIndex = 0; path = MoonKit.framework; sourceTree = BUILT_PRODUCTS_DIR; };
		C29DBD1D1FEC046600A7EB56 /* MoonKit.h */ = {isa = PBXFileReference; lastKnownFileType = sourcecode.c.h; path = MoonKit.h; sourceTree = "<group>"; };
		C29DBD1E1FEC046600A7EB56 /* Info.plist */ = {isa = PBXFileReference; lastKnownFileType = text.plist.xml; path = Info.plist; sourceTree = "<group>"; };
		C29DBD201FEC04A200A7EB56 /* MoonKitTests.swift */ = {isa = PBXFileReference; lastKnownFileType = sourcecode.swift; path = MoonKitTests.swift; sourceTree = "<group>"; };
		C29DBD211FEC04A200A7EB56 /* Info.plist */ = {isa = PBXFileReference; lastKnownFileType = text.plist.xml; path = Info.plist; sourceTree = "<group>"; };
		C29DBD281FEC06AB00A7EB56 /* DictionaryMerging.swift */ = {isa = PBXFileReference; fileEncoding = 4; lastKnownFileType = sourcecode.swift; path = DictionaryMerging.swift; sourceTree = "<group>"; };
		C29DBD291FEC06AB00A7EB56 /* CollectionCreationOperators.swift */ = {isa = PBXFileReference; fileEncoding = 4; lastKnownFileType = sourcecode.swift; path = CollectionCreationOperators.swift; sourceTree = "<group>"; };
		C29DBD2A1FEC06AB00A7EB56 /* CollectionSubranges.swift */ = {isa = PBXFileReference; fileEncoding = 4; lastKnownFileType = sourcecode.swift; path = CollectionSubranges.swift; sourceTree = "<group>"; };
		C29DBD2B1FEC06AB00A7EB56 /* KeyPathConvenienceExtensions.swift */ = {isa = PBXFileReference; fileEncoding = 4; lastKnownFileType = sourcecode.swift; path = KeyPathConvenienceExtensions.swift; sourceTree = "<group>"; };
		C29DBD341FEC06D400A7EB56 /* Zip.swift */ = {isa = PBXFileReference; fileEncoding = 4; lastKnownFileType = sourcecode.swift; path = Zip.swift; sourceTree = "<group>"; };
		C29DBD351FEC06D400A7EB56 /* SequenceManipulation.swift */ = {isa = PBXFileReference; fileEncoding = 4; lastKnownFileType = sourcecode.swift; path = SequenceManipulation.swift; sourceTree = "<group>"; };
		C29DBD3C1FEC06F900A7EB56 /* RegularExpression.swift */ = {isa = PBXFileReference; fileEncoding = 4; lastKnownFileType = sourcecode.swift; path = RegularExpression.swift; sourceTree = "<group>"; };
		C29DBD3F1FEC071700A7EB56 /* Strings.swift */ = {isa = PBXFileReference; fileEncoding = 4; lastKnownFileType = sourcecode.swift; path = Strings.swift; sourceTree = "<group>"; };
		C29DBD421FEC072800A7EB56 /* FourCharacterCode.swift */ = {isa = PBXFileReference; fileEncoding = 4; lastKnownFileType = sourcecode.swift; path = FourCharacterCode.swift; sourceTree = "<group>"; };
		C29DBD461FEC078C00A7EB56 /* ByteArrayConvertible.swift */ = {isa = PBXFileReference; fileEncoding = 4; lastKnownFileType = sourcecode.swift; path = ByteArrayConvertible.swift; sourceTree = "<group>"; };
		C29DBD471FEC078C00A7EB56 /* Bytes.swift */ = {isa = PBXFileReference; fileEncoding = 4; lastKnownFileType = sourcecode.swift; path = Bytes.swift; sourceTree = "<group>"; };
		C29DBD591FEC0CE900A7EB56 /* Paths.swift */ = {isa = PBXFileReference; lastKnownFileType = sourcecode.swift; path = Paths.swift; sourceTree = "<group>"; };
		C2A6964B258C06F5009CB31F /* JSONValue.swift */ = {isa = PBXFileReference; fileEncoding = 4; lastKnownFileType = sourcecode.swift; path = JSONValue.swift; sourceTree = "<group>"; };
		C2A6964C258C06F5009CB31F /* JSONSerialization.swift */ = {isa = PBXFileReference; fileEncoding = 4; lastKnownFileType = sourcecode.swift; path = JSONSerialization.swift; sourceTree = "<group>"; };
		C2A6964D258C06F5009CB31F /* ObjectJSONValue.swift */ = {isa = PBXFileReference; fileEncoding = 4; lastKnownFileType = sourcecode.swift; path = ObjectJSONValue.swift; sourceTree = "<group>"; };
		C2A6964E258C06F5009CB31F /* BoxedJSONValue.swift */ = {isa = PBXFileReference; fileEncoding = 4; lastKnownFileType = sourcecode.swift; path = BoxedJSONValue.swift; sourceTree = "<group>"; };
		C2A6964F258C06F5009CB31F /* JSONValueRelatedExtensions.swift */ = {isa = PBXFileReference; fileEncoding = 4; lastKnownFileType = sourcecode.swift; path = JSONValueRelatedExtensions.swift; sourceTree = "<group>"; };
		C2A69650258C06F5009CB31F /* JSONIncludeDirective.swift */ = {isa = PBXFileReference; fileEncoding = 4; lastKnownFileType = sourcecode.swift; path = JSONIncludeDirective.swift; sourceTree = "<group>"; };
		C2A69651258C06F5009CB31F /* ArrayJSONValue.swift */ = {isa = PBXFileReference; fileEncoding = 4; lastKnownFileType = sourcecode.swift; path = ArrayJSONValue.swift; sourceTree = "<group>"; };
		C2A69652258C06F5009CB31F /* NotificationType.swift */ = {isa = PBXFileReference; fileEncoding = 4; lastKnownFileType = sourcecode.swift; path = NotificationType.swift; sourceTree = "<group>"; };
		C2A69653258C06F5009CB31F /* JSONParser.swift */ = {isa = PBXFileReference; fileEncoding = 4; lastKnownFileType = sourcecode.swift; path = JSONParser.swift; sourceTree = "<group>"; };
		C2C7134F258BBA2E00EC9458 /* CircularBuffer+AudioBufferList.swift */ = {isa = PBXFileReference; fileEncoding = 4; lastKnownFileType = sourcecode.swift; path = "CircularBuffer+AudioBufferList.swift"; sourceTree = "<group>"; };
		C2C71350258BBA2E00EC9458 /* CircularBuffer.swift */ = {isa = PBXFileReference; fileEncoding = 4; lastKnownFileType = sourcecode.swift; path = CircularBuffer.swift; sourceTree = "<group>"; };
		C2E3FC83258D1AD3000AA924 /* Interval.swift */ = {isa = PBXFileReference; fileEncoding = 4; lastKnownFileType = sourcecode.swift; path = Interval.swift; sourceTree = "<group>"; };
		C2E3FC84258D1AD3000AA924 /* HashableTuple.swift */ = {isa = PBXFileReference; fileEncoding = 4; lastKnownFileType = sourcecode.swift; path = HashableTuple.swift; sourceTree = "<group>"; };
		C2E3FC85258D1AD3000AA924 /* Point3D.swift */ = {isa = PBXFileReference; fileEncoding = 4; lastKnownFileType = sourcecode.swift; path = Point3D.swift; sourceTree = "<group>"; };
		C2E3FC86258D1AD3000AA924 /* IntervalMap.swift */ = {isa = PBXFileReference; fileEncoding = 4; lastKnownFileType = sourcecode.swift; path = IntervalMap.swift; sourceTree = "<group>"; };
		C2E3FC87258D1AD3000AA924 /* KeyValueCollection.swift */ = {isa = PBXFileReference; fileEncoding = 4; lastKnownFileType = sourcecode.swift; path = KeyValueCollection.swift; sourceTree = "<group>"; };
		C2E3FC88258D1AD3000AA924 /* Any2DIndex.swift */ = {isa = PBXFileReference; fileEncoding = 4; lastKnownFileType = sourcecode.swift; path = Any2DIndex.swift; sourceTree = "<group>"; };
		C2E3FC89258D1AD3000AA924 /* Queue.swift */ = {isa = PBXFileReference; fileEncoding = 4; lastKnownFileType = sourcecode.swift; path = Queue.swift; sourceTree = "<group>"; };
		C2E3FC8A258D1AD3000AA924 /* List.swift */ = {isa = PBXFileReference; fileEncoding = 4; lastKnownFileType = sourcecode.swift; path = List.swift; sourceTree = "<group>"; };
		C2E3FC8B258D1AD3000AA924 /* BCD.swift */ = {isa = PBXFileReference; fileEncoding = 4; lastKnownFileType = sourcecode.swift; path = BCD.swift; sourceTree = "<group>"; };
		C2E3FC8C258D1AD3000AA924 /* AnyComparable.swift */ = {isa = PBXFileReference; fileEncoding = 4; lastKnownFileType = sourcecode.swift; path = AnyComparable.swift; sourceTree = "<group>"; };
		C2E3FC8D258D1AD3000AA924 /* Heap.swift */ = {isa = PBXFileReference; fileEncoding = 4; lastKnownFileType = sourcecode.swift; path = Heap.swift; sourceTree = "<group>"; };
		C2E3FC8E258D1AD3000AA924 /* SetType.swift */ = {isa = PBXFileReference; fileEncoding = 4; lastKnownFileType = sourcecode.swift; path = SetType.swift; sourceTree = "<group>"; };
		C2E3FC8F258D1AD4000AA924 /* HashedStorage.swift */ = {isa = PBXFileReference; fileEncoding = 4; lastKnownFileType = sourcecode.swift; path = HashedStorage.swift; sourceTree = "<group>"; };
		C2E3FC90258D1AD4000AA924 /* SortedArray.swift */ = {isa = PBXFileReference; fileEncoding = 4; lastKnownFileType = sourcecode.swift; path = SortedArray.swift; sourceTree = "<group>"; };
		C2E3FC91258D1AD4000AA924 /* RepeatingSequence.swift */ = {isa = PBXFileReference; fileEncoding = 4; lastKnownFileType = sourcecode.swift; path = RepeatingSequence.swift; sourceTree = "<group>"; };
		C2E3FC92258D1AD4000AA924 /* Stack.swift */ = {isa = PBXFileReference; fileEncoding = 4; lastKnownFileType = sourcecode.swift; path = Stack.swift; sourceTree = "<group>"; };
		C2E3FC93258D1AD4000AA924 /* BitMap.swift */ = {isa = PBXFileReference; fileEncoding = 4; lastKnownFileType = sourcecode.swift; path = BitMap.swift; sourceTree = "<group>"; };
		C2E3FC94258D1AD4000AA924 /* Tree.swift */ = {isa = PBXFileReference; fileEncoding = 4; lastKnownFileType = sourcecode.swift; path = Tree.swift; sourceTree = "<group>"; };
		C2E3FC96258D1AD4000AA924 /* UInt128.swift */ = {isa = PBXFileReference; fileEncoding = 4; lastKnownFileType = sourcecode.swift; path = UInt128.swift; sourceTree = "<group>"; };
		C2E3FC97258D1AD4000AA924 /* UIntBig.swift */ = {isa = PBXFileReference; fileEncoding = 4; lastKnownFileType = sourcecode.swift; path = UIntBig.swift; sourceTree = "<group>"; };
		C2E3FC98258D1AD4000AA924 /* CountableRangeMap.swift */ = {isa = PBXFileReference; fileEncoding = 4; lastKnownFileType = sourcecode.swift; path = CountableRangeMap.swift; sourceTree = "<group>"; };
		C2E3FC99258D1AD4000AA924 /* WeakArray.swift */ = {isa = PBXFileReference; fileEncoding = 4; lastKnownFileType = sourcecode.swift; path = WeakArray.swift; sourceTree = "<group>"; };
		C2E3FCF3258D2031000AA924 /* Range+MoonKitAdditions.swift */ = {isa = PBXFileReference; fileEncoding = 4; lastKnownFileType = sourcecode.swift; path = "Range+MoonKitAdditions.swift"; sourceTree = "<group>"; };
		C2E3FCF8258D2072000AA924 /* Operators.swift */ = {isa = PBXFileReference; fileEncoding = 4; lastKnownFileType = sourcecode.swift; path = Operators.swift; sourceTree = "<group>"; };
		C2E3FCFD258D20D6000AA924 /* Protocols.swift */ = {isa = PBXFileReference; fileEncoding = 4; lastKnownFileType = sourcecode.swift; path = Protocols.swift; sourceTree = "<group>"; };
		C2E3FD02258D21DD000AA924 /* Packing.swift */ = {isa = PBXFileReference; fileEncoding = 4; lastKnownFileType = sourcecode.swift; path = Packing.swift; sourceTree = "<group>"; };
		C2E3FD0B258D29BA000AA924 /* Math.swift */ = {isa = PBXFileReference; fileEncoding = 4; lastKnownFileType = sourcecode.swift; path = Math.swift; sourceTree = "<group>"; };
		C2E3FD0C258D29BA000AA924 /* Numbers.swift */ = {isa = PBXFileReference; fileEncoding = 4; lastKnownFileType = sourcecode.swift; path = Numbers.swift; sourceTree = "<group>"; };
		C2E3FD13258D29F2000AA924 /* MiscellaneousFunctions.swift */ = {isa = PBXFileReference; fileEncoding = 4; lastKnownFileType = sourcecode.swift; path = MiscellaneousFunctions.swift; sourceTree = "<group>"; };
		C2E3FD18258D2AAA000AA924 /* Ratio.swift */ = {isa = PBXFileReference; fileEncoding = 4; lastKnownFileType = sourcecode.swift; path = Ratio.swift; sourceTree = "<group>"; };
		C2E3FD26258D308D000AA924 /* OrderedSet.swift */ = {isa = PBXFileReference; lastKnownFileType = sourcecode.swift; path = OrderedSet.swift; sourceTree = "<group>"; };
		C2E3FD2B258D313C000AA924 /* OrderedDictionary.swift */ = {isa = PBXFileReference; lastKnownFileType = sourcecode.swift; path = OrderedDictionary.swift; sourceTree = "<group>"; };
		C2E6CB7D201AAC4C00D50E78 /* Date.swift */ = {isa = PBXFileReference; lastKnownFileType = sourcecode.swift; path = Date.swift; sourceTree = "<group>"; };
		C2E6CB80201ACFFE00D50E78 /* HostTimeBase.swift */ = {isa = PBXFileReference; lastKnownFileType = sourcecode.swift; path = HostTimeBase.swift; sourceTree = "<group>"; };
		C2E9BE4020B8AD6100A07F63 /* CircularBuffer_Generic.swift */ = {isa = PBXFileReference; lastKnownFileType = sourcecode.swift; path = CircularBuffer_Generic.swift; sourceTree = "<group>"; };
/* End PBXFileReference section */

/* Begin PBXFrameworksBuildPhase section */
		C29DBCE21FEC03C700A7EB56 /* Frameworks */ = {
			isa = PBXFrameworksBuildPhase;
			buildActionMask = 2147483647;
			files = (
			);
			runOnlyForDeploymentPostprocessing = 0;
		};
		C29DBD011FEC041400A7EB56 /* Frameworks */ = {
			isa = PBXFrameworksBuildPhase;
			buildActionMask = 2147483647;
			files = (
			);
			runOnlyForDeploymentPostprocessing = 0;
		};
/* End PBXFrameworksBuildPhase section */

/* Begin PBXGroup section */
		C23591AE20A641EC00F1C813 /* CommonResources */ = {
			isa = PBXGroup;
			children = (
				C23591AF20A641EC00F1C813 /* InputMonoCompressed-Italic.ttf */,
				C23591B020A641EC00F1C813 /* InputMonoCompressed-LightItalic.ttf */,
				C23591B120A641EC00F1C813 /* InputMonoCompressed-Black.ttf */,
				C23591B220A641EC00F1C813 /* InputMonoCompressed-BlackItalic.ttf */,
				C23591B320A641EC00F1C813 /* InputMonoCompressed-Thin.ttf */,
				C23591B420A641EC00F1C813 /* InputMonoCompressed-MediumItalic.ttf */,
				C23591B520A641EC00F1C813 /* InputMonoCompressed-Light.ttf */,
				C23591B620A641EC00F1C813 /* InputMonoCompressed-ExtraLightItalic.ttf */,
				C23591B720A641EC00F1C813 /* InputMonoCompressed-Bold.ttf */,
				C23591B820A641EC00F1C813 /* InputMonoCompressed-ThinItalic.ttf */,
				C23591B920A641EC00F1C813 /* InputMonoCompressed-ExtraLight.ttf */,
				C23591BA20A641EC00F1C813 /* InputMonoCompressed-Medium.ttf */,
				C23591BB20A641EC00F1C813 /* InputMonoCompressed-BoldItalic.ttf */,
				C23591BC20A641EC00F1C813 /* InputMonoCompressed-Regular.ttf */,
			);
			path = CommonResources;
			sourceTree = "<group>";
		};
		C23591D920A6423900F1C813 /* Fonts */ = {
			isa = PBXGroup;
			children = (
				C23591DA20A6423900F1C813 /* FontStyle.swift */,
				C23591DB20A6423900F1C813 /* Fonts.swift */,
			);
			path = Fonts;
			sourceTree = "<group>";
		};
		C29DBCDC1FEC03C700A7EB56 = {
			isa = PBXGroup;
			children = (
				C23591AE20A641EC00F1C813 /* CommonResources */,
				C29DBD1C1FEC046600A7EB56 /* CommonSource */,
				C29DBD1F1FEC04A200A7EB56 /* CommonTests */,
				C29DBCE71FEC03C700A7EB56 /* Products */,
			);
			sourceTree = "<group>";
		};
		C29DBCE71FEC03C700A7EB56 /* Products */ = {
			isa = PBXGroup;
			children = (
				C29DBCE61FEC03C700A7EB56 /* MoonKit.framework */,
				C29DBD051FEC041400A7EB56 /* MoonKit.framework */,
			);
			name = Products;
			sourceTree = "<group>";
		};
		C29DBD1C1FEC046600A7EB56 /* CommonSource */ = {
			isa = PBXGroup;
			children = (
				C2E3FD40258D36D1000AA924 /* Functions */,
				C2A6964A258C06F5009CB31F /* Ports in Progress */,
				C23591D920A6423900F1C813 /* Fonts */,
				C29DBD581FEC0C9400A7EB56 /* CommandLineToolHelpers */,
				C29DBD451FEC072E00A7EB56 /* Protocols */,
				C29DBD3B1FEC06EB00A7EB56 /* Extensions */,
				C29DBD3A1FEC06E300A7EB56 /* Types */,
				C29DBD271FEC065700A7EB56 /* SequenceExtensions */,
				C29DBD261FEC063000A7EB56 /* CollectionExtensions */,
				C250064020C83149005A1BEB /* Helpers.swift */,
				C250064620C831F0005A1BEB /* DebugConsoleView.swift */,
				C250064320C831A5005A1BEB /* Logging.swift */,
				C29DBD1D1FEC046600A7EB56 /* MoonKit.h */,
				C29DBD1E1FEC046600A7EB56 /* Info.plist */,
			);
			path = CommonSource;
			sourceTree = "<group>";
		};
		C29DBD1F1FEC04A200A7EB56 /* CommonTests */ = {
			isa = PBXGroup;
			children = (
				C29DBD201FEC04A200A7EB56 /* MoonKitTests.swift */,
				C29DBD211FEC04A200A7EB56 /* Info.plist */,
			);
			path = CommonTests;
			sourceTree = "<group>";
		};
		C29DBD261FEC063000A7EB56 /* CollectionExtensions */ = {
			isa = PBXGroup;
			children = (
				C29DBD291FEC06AB00A7EB56 /* CollectionCreationOperators.swift */,
				C29DBD2A1FEC06AB00A7EB56 /* CollectionSubranges.swift */,
				C29DBD281FEC06AB00A7EB56 /* DictionaryMerging.swift */,
				C29DBD2B1FEC06AB00A7EB56 /* KeyPathConvenienceExtensions.swift */,
			);
			path = CollectionExtensions;
			sourceTree = "<group>";
		};
		C29DBD271FEC065700A7EB56 /* SequenceExtensions */ = {
			isa = PBXGroup;
			children = (
				C29DBD351FEC06D400A7EB56 /* SequenceManipulation.swift */,
				C29DBD341FEC06D400A7EB56 /* Zip.swift */,
			);
			path = SequenceExtensions;
			sourceTree = "<group>";
		};
		C29DBD3A1FEC06E300A7EB56 /* Types */ = {
			isa = PBXGroup;
			children = (
				C2E3FC96258D1AD4000AA924 /* UInt128.swift */,
				C2E3FD18258D2AAA000AA924 /* Ratio.swift */,
				C2731712258D530500554FB2 /* Fraction.swift */,
				C2E3FD1D258D3001000AA924 /* Data Structures */,
				C2C71350258BBA2E00EC9458 /* CircularBuffer.swift */,
				C2C7134F258BBA2E00EC9458 /* CircularBuffer+AudioBufferList.swift */,
				C29DBD421FEC072800A7EB56 /* FourCharacterCode.swift */,
				C29DBD3C1FEC06F900A7EB56 /* RegularExpression.swift */,
				C2E6CB80201ACFFE00D50E78 /* HostTimeBase.swift */,
				C2E9BE4020B8AD6100A07F63 /* CircularBuffer_Generic.swift */,
			);
			path = Types;
			sourceTree = "<group>";
		};
		C29DBD3B1FEC06EB00A7EB56 /* Extensions */ = {
			isa = PBXGroup;
			children = (
				C29DBD3F1FEC071700A7EB56 /* Strings.swift */,
				C2E6CB7D201AAC4C00D50E78 /* Date.swift */,
				C23591AB20A63FC400F1C813 /* AttributedStrings.swift */,
			);
			path = Extensions;
			sourceTree = "<group>";
		};
		C29DBD451FEC072E00A7EB56 /* Protocols */ = {
			isa = PBXGroup;
			children = (
				C2E3FD02258D21DD000AA924 /* Packing.swift */,
				C2E3FCFD258D20D6000AA924 /* Protocols.swift */,
				C29DBD461FEC078C00A7EB56 /* ByteArrayConvertible.swift */,
				C29DBD471FEC078C00A7EB56 /* Bytes.swift */,
			);
			path = Protocols;
			sourceTree = "<group>";
		};
		C29DBD581FEC0C9400A7EB56 /* CommandLineToolHelpers */ = {
			isa = PBXGroup;
			children = (
				C29DBD591FEC0CE900A7EB56 /* Paths.swift */,
			);
			path = CommandLineToolHelpers;
			sourceTree = "<group>";
		};
		C2A6964A258C06F5009CB31F /* Ports in Progress */ = {
			isa = PBXGroup;
			children = (
				C2E3FCF3258D2031000AA924 /* Range+MoonKitAdditions.swift */,
				C2E3FC88258D1AD3000AA924 /* Any2DIndex.swift */,
				C2E3FC8C258D1AD3000AA924 /* AnyComparable.swift */,
				C2E3FC8B258D1AD3000AA924 /* BCD.swift */,
				C2E3FC93258D1AD4000AA924 /* BitMap.swift */,
				C2E3FC98258D1AD4000AA924 /* CountableRangeMap.swift */,
				C2E3FC84258D1AD3000AA924 /* HashableTuple.swift */,
				C2E3FC8D258D1AD3000AA924 /* Heap.swift */,
				C2E3FC83258D1AD3000AA924 /* Interval.swift */,
				C2E3FC86258D1AD3000AA924 /* IntervalMap.swift */,
				C2E3FC87258D1AD3000AA924 /* KeyValueCollection.swift */,
				C2E3FC8A258D1AD3000AA924 /* List.swift */,
				C2E3FC85258D1AD3000AA924 /* Point3D.swift */,
				C2E3FC91258D1AD4000AA924 /* RepeatingSequence.swift */,
				C2E3FC90258D1AD4000AA924 /* SortedArray.swift */,
				C2E3FC94258D1AD4000AA924 /* Tree.swift */,
				C2E3FC97258D1AD4000AA924 /* UIntBig.swift */,
				C2E3FC99258D1AD4000AA924 /* WeakArray.swift */,
				C2A6964B258C06F5009CB31F /* JSONValue.swift */,
				C2A6964C258C06F5009CB31F /* JSONSerialization.swift */,
				C2A6964D258C06F5009CB31F /* ObjectJSONValue.swift */,
				C2A6964E258C06F5009CB31F /* BoxedJSONValue.swift */,
				C2A6964F258C06F5009CB31F /* JSONValueRelatedExtensions.swift */,
				C2A69650258C06F5009CB31F /* JSONIncludeDirective.swift */,
				C2A69651258C06F5009CB31F /* ArrayJSONValue.swift */,
				C2A69652258C06F5009CB31F /* NotificationType.swift */,
				C2A69653258C06F5009CB31F /* JSONParser.swift */,
			);
			path = "Ports in Progress";
			sourceTree = "<group>";
		};
		C2E3FD1D258D3001000AA924 /* Data Structures */ = {
			isa = PBXGroup;
			children = (
				C2E3FC8E258D1AD3000AA924 /* SetType.swift */,
				C2E3FC89258D1AD3000AA924 /* Queue.swift */,
				C2E3FC92258D1AD4000AA924 /* Stack.swift */,
				C2E3FC8F258D1AD4000AA924 /* HashedStorage.swift */,
				C2E3FD26258D308D000AA924 /* OrderedSet.swift */,
				C2E3FD2B258D313C000AA924 /* OrderedDictionary.swift */,
			);
			path = "Data Structures";
			sourceTree = "<group>";
		};
		C2E3FD40258D36D1000AA924 /* Functions */ = {
			isa = PBXGroup;
			children = (
				C2731723258D586100554FB2 /* SetAlgebraType.swift */,
				C2E3FD13258D29F2000AA924 /* MiscellaneousFunctions.swift */,
				C2E3FD0C258D29BA000AA924 /* Numbers.swift */,
				C2E3FD0B258D29BA000AA924 /* Math.swift */,
				C2E3FCF8258D2072000AA924 /* Operators.swift */,
			);
			path = Functions;
			sourceTree = "<group>";
		};
/* End PBXGroup section */

/* Begin PBXHeadersBuildPhase section */
		C29DBCE31FEC03C700A7EB56 /* Headers */ = {
			isa = PBXHeadersBuildPhase;
			buildActionMask = 2147483647;
			files = (
				C29DBD221FEC04E300A7EB56 /* MoonKit.h in Headers */,
			);
			runOnlyForDeploymentPostprocessing = 0;
		};
		C29DBD021FEC041400A7EB56 /* Headers */ = {
			isa = PBXHeadersBuildPhase;
			buildActionMask = 2147483647;
			files = (
				C29DBD231FEC04E400A7EB56 /* MoonKit.h in Headers */,
			);
			runOnlyForDeploymentPostprocessing = 0;
		};
/* End PBXHeadersBuildPhase section */

/* Begin PBXNativeTarget section */
		C29DBCE51FEC03C700A7EB56 /* MoonKit_iOS */ = {
			isa = PBXNativeTarget;
			buildConfigurationList = C29DBCFA1FEC03C700A7EB56 /* Build configuration list for PBXNativeTarget "MoonKit_iOS" */;
			buildPhases = (
				C29DBCE11FEC03C700A7EB56 /* Sources */,
				C29DBCE21FEC03C700A7EB56 /* Frameworks */,
				C29DBCE31FEC03C700A7EB56 /* Headers */,
				C29DBCE41FEC03C700A7EB56 /* Resources */,
			);
			buildRules = (
			);
			dependencies = (
			);
			name = MoonKit_iOS;
			productName = MoonKit_iOS;
			productReference = C29DBCE61FEC03C700A7EB56 /* MoonKit.framework */;
			productType = "com.apple.product-type.framework";
		};
		C29DBD041FEC041400A7EB56 /* MoonKit_Mac */ = {
			isa = PBXNativeTarget;
			buildConfigurationList = C29DBD161FEC041400A7EB56 /* Build configuration list for PBXNativeTarget "MoonKit_Mac" */;
			buildPhases = (
				C29DBD001FEC041400A7EB56 /* Sources */,
				C29DBD011FEC041400A7EB56 /* Frameworks */,
				C29DBD021FEC041400A7EB56 /* Headers */,
				C29DBD031FEC041400A7EB56 /* Resources */,
			);
			buildRules = (
			);
			dependencies = (
			);
			name = MoonKit_Mac;
			productName = MoonKit_Mac;
			productReference = C29DBD051FEC041400A7EB56 /* MoonKit.framework */;
			productType = "com.apple.product-type.framework";
		};
/* End PBXNativeTarget section */

/* Begin PBXProject section */
		C29DBCDD1FEC03C700A7EB56 /* Project object */ = {
			isa = PBXProject;
			attributes = {
				LastSwiftUpdateCheck = 0920;
				LastUpgradeCheck = 1230;
				ORGANIZATIONNAME = "Moondeer Studios";
				TargetAttributes = {
					C29DBCE51FEC03C700A7EB56 = {
						CreatedOnToolsVersion = 9.2;
						LastSwiftMigration = 1110;
						ProvisioningStyle = Automatic;
					};
					C29DBD041FEC041400A7EB56 = {
						CreatedOnToolsVersion = 9.2;
						LastSwiftMigration = 1220;
						ProvisioningStyle = Automatic;
					};
				};
			};
			buildConfigurationList = C29DBCE01FEC03C700A7EB56 /* Build configuration list for PBXProject "MoonKit" */;
			compatibilityVersion = "Xcode 9.3";
			developmentRegion = en;
			hasScannedForEncodings = 0;
			knownRegions = (
				en,
				Base,
			);
			mainGroup = C29DBCDC1FEC03C700A7EB56;
			productRefGroup = C29DBCE71FEC03C700A7EB56 /* Products */;
			projectDirPath = "";
			projectRoot = "";
			targets = (
				C29DBCE51FEC03C700A7EB56 /* MoonKit_iOS */,
				C29DBD041FEC041400A7EB56 /* MoonKit_Mac */,
			);
		};
/* End PBXProject section */

/* Begin PBXResourcesBuildPhase section */
		C29DBCE41FEC03C700A7EB56 /* Resources */ = {
			isa = PBXResourcesBuildPhase;
			buildActionMask = 2147483647;
			files = (
				C23591CD20A641EC00F1C813 /* InputMonoCompressed-Bold.ttf in Resources */,
				C23591C520A641EC00F1C813 /* InputMonoCompressed-Thin.ttf in Resources */,
				C23591CB20A641EC00F1C813 /* InputMonoCompressed-ExtraLightItalic.ttf in Resources */,
				C23591BF20A641EC00F1C813 /* InputMonoCompressed-LightItalic.ttf in Resources */,
				C23591C320A641EC00F1C813 /* InputMonoCompressed-BlackItalic.ttf in Resources */,
				C23591C120A641EC00F1C813 /* InputMonoCompressed-Black.ttf in Resources */,
				C23591CF20A641EC00F1C813 /* InputMonoCompressed-ThinItalic.ttf in Resources */,
				C23591C720A641EC00F1C813 /* InputMonoCompressed-MediumItalic.ttf in Resources */,
				C23591BD20A641EC00F1C813 /* InputMonoCompressed-Italic.ttf in Resources */,
				C23591C920A641EC00F1C813 /* InputMonoCompressed-Light.ttf in Resources */,
				C23591D720A641EC00F1C813 /* InputMonoCompressed-Regular.ttf in Resources */,
				C23591D520A641EC00F1C813 /* InputMonoCompressed-BoldItalic.ttf in Resources */,
				C23591D320A641EC00F1C813 /* InputMonoCompressed-Medium.ttf in Resources */,
				C23591D120A641EC00F1C813 /* InputMonoCompressed-ExtraLight.ttf in Resources */,
			);
			runOnlyForDeploymentPostprocessing = 0;
		};
		C29DBD031FEC041400A7EB56 /* Resources */ = {
			isa = PBXResourcesBuildPhase;
			buildActionMask = 2147483647;
			files = (
				C23591CE20A641EC00F1C813 /* InputMonoCompressed-Bold.ttf in Resources */,
				C23591C620A641EC00F1C813 /* InputMonoCompressed-Thin.ttf in Resources */,
				C23591CC20A641EC00F1C813 /* InputMonoCompressed-ExtraLightItalic.ttf in Resources */,
				C23591C020A641EC00F1C813 /* InputMonoCompressed-LightItalic.ttf in Resources */,
				C23591C420A641EC00F1C813 /* InputMonoCompressed-BlackItalic.ttf in Resources */,
				C23591C220A641EC00F1C813 /* InputMonoCompressed-Black.ttf in Resources */,
				C23591D020A641EC00F1C813 /* InputMonoCompressed-ThinItalic.ttf in Resources */,
				C23591C820A641EC00F1C813 /* InputMonoCompressed-MediumItalic.ttf in Resources */,
				C23591BE20A641EC00F1C813 /* InputMonoCompressed-Italic.ttf in Resources */,
				C23591CA20A641EC00F1C813 /* InputMonoCompressed-Light.ttf in Resources */,
				C23591D820A641EC00F1C813 /* InputMonoCompressed-Regular.ttf in Resources */,
				C23591D620A641EC00F1C813 /* InputMonoCompressed-BoldItalic.ttf in Resources */,
				C23591D420A641EC00F1C813 /* InputMonoCompressed-Medium.ttf in Resources */,
				C23591D220A641EC00F1C813 /* InputMonoCompressed-ExtraLight.ttf in Resources */,
			);
			runOnlyForDeploymentPostprocessing = 0;
		};
/* End PBXResourcesBuildPhase section */

/* Begin PBXSourcesBuildPhase section */
		C29DBCE11FEC03C700A7EB56 /* Sources */ = {
			isa = PBXSourcesBuildPhase;
			buildActionMask = 2147483647;
			files = (
				C2E3FD34258D3229000AA924 /* HashedStorage.swift in Sources */,
				C23591DE20A6423900F1C813 /* Fonts.swift in Sources */,
				C29DBD321FEC06AC00A7EB56 /* KeyPathConvenienceExtensions.swift in Sources */,
				C250064420C831A5005A1BEB /* Logging.swift in Sources */,
				C29DBD301FEC06AC00A7EB56 /* CollectionSubranges.swift in Sources */,
				C29DBD4A1FEC078C00A7EB56 /* Bytes.swift in Sources */,
				C29DBD431FEC072800A7EB56 /* FourCharacterCode.swift in Sources */,
				C23591AC20A63FC400F1C813 /* AttributedStrings.swift in Sources */,
				C2E3FD43258D36FE000AA924 /* Numbers.swift in Sources */,
				C2731724258D586100554FB2 /* SetAlgebraType.swift in Sources */,
				C2E3FD54258D372A000AA924 /* Packing.swift in Sources */,
				C29DBD481FEC078C00A7EB56 /* ByteArrayConvertible.swift in Sources */,
				C2E6CB81201ACFFE00D50E78 /* HostTimeBase.swift in Sources */,
				C2E3FD44258D36FE000AA924 /* Math.swift in Sources */,
				C250064720C831F0005A1BEB /* DebugConsoleView.swift in Sources */,
				C2E3FD3A258D328A000AA924 /* Range+MoonKitAdditions.swift in Sources */,
				C29DBD401FEC071700A7EB56 /* Strings.swift in Sources */,
				C2E3FD57258D3884000AA924 /* Stack.swift in Sources */,
				C273173A258D665000554FB2 /* RepeatingSequence.swift in Sources */,
				C29DBD2E1FEC06AC00A7EB56 /* CollectionCreationOperators.swift in Sources */,
				C2C71353258BBA2E00EC9458 /* CircularBuffer.swift in Sources */,
				C2E6CB7E201AAC4C00D50E78 /* Date.swift in Sources */,
				C29DBD381FEC06D400A7EB56 /* SequenceManipulation.swift in Sources */,
				C2E3FD41258D36FE000AA924 /* Operators.swift in Sources */,
				C273172A258D5F7A00554FB2 /* SetType.swift in Sources */,
				C250064120C8314A005A1BEB /* Helpers.swift in Sources */,
				C29DBD361FEC06D400A7EB56 /* Zip.swift in Sources */,
				C2E3FD4D258D3714000AA924 /* Protocols.swift in Sources */,
				C29DBD3D1FEC06F900A7EB56 /* RegularExpression.swift in Sources */,
				C29DBD2C1FEC06AC00A7EB56 /* DictionaryMerging.swift in Sources */,
				C23591DC20A6423900F1C813 /* FontStyle.swift in Sources */,
				C273171F258D55AE00554FB2 /* Queue.swift in Sources */,
				C2E3FD42258D36FE000AA924 /* MiscellaneousFunctions.swift in Sources */,
			);
			runOnlyForDeploymentPostprocessing = 0;
		};
		C29DBD001FEC041400A7EB56 /* Sources */ = {
			isa = PBXSourcesBuildPhase;
			buildActionMask = 2147483647;
			files = (
				C273173B258D665100554FB2 /* RepeatingSequence.swift in Sources */,
				C250064220C8314A005A1BEB /* Helpers.swift in Sources */,
				C29DBD331FEC06AC00A7EB56 /* KeyPathConvenienceExtensions.swift in Sources */,
				C29DBD311FEC06AC00A7EB56 /* CollectionSubranges.swift in Sources */,
				C2E3FD4A258D36FF000AA924 /* Math.swift in Sources */,
				C23591DD20A6423900F1C813 /* FontStyle.swift in Sources */,
				C29DBD4B1FEC078C00A7EB56 /* Bytes.swift in Sources */,
				C29DBD441FEC072800A7EB56 /* FourCharacterCode.swift in Sources */,
				C2C71354258BBA2E00EC9458 /* CircularBuffer.swift in Sources */,
				C29DBD491FEC078C00A7EB56 /* ByteArrayConvertible.swift in Sources */,
				C2731725258D586100554FB2 /* SetAlgebraType.swift in Sources */,
				C29DBD411FEC071700A7EB56 /* Strings.swift in Sources */,
				C23591DF20A6423900F1C813 /* Fonts.swift in Sources */,
				C29DBD5A1FEC0CE900A7EB56 /* Paths.swift in Sources */,
				C273172D258D5F7C00554FB2 /* SetType.swift in Sources */,
				C250064520C831A5005A1BEB /* Logging.swift in Sources */,
				C2E6CB82201ACFFE00D50E78 /* HostTimeBase.swift in Sources */,
				C29DBD2F1FEC06AC00A7EB56 /* CollectionCreationOperators.swift in Sources */,
				C29DBD391FEC06D400A7EB56 /* SequenceManipulation.swift in Sources */,
				C2E3FD3D258D328B000AA924 /* Range+MoonKitAdditions.swift in Sources */,
				C2E3FD47258D36FF000AA924 /* Operators.swift in Sources */,
				C2E3FD37258D322A000AA924 /* HashedStorage.swift in Sources */,
				C29DBD371FEC06D400A7EB56 /* Zip.swift in Sources */,
				C2E3FD53258D372A000AA924 /* Packing.swift in Sources */,
				C29DBD3E1FEC06F900A7EB56 /* RegularExpression.swift in Sources */,
				C250064820C831F0005A1BEB /* DebugConsoleView.swift in Sources */,
				C2E3FD58258D3884000AA924 /* Stack.swift in Sources */,
				C2E6CB7F201AAC4C00D50E78 /* Date.swift in Sources */,
				C2E3FD50258D3715000AA924 /* Protocols.swift in Sources */,
				C29DBD2D1FEC06AC00A7EB56 /* DictionaryMerging.swift in Sources */,
				C2E3FD48258D36FF000AA924 /* MiscellaneousFunctions.swift in Sources */,
				C2731720258D55AF00554FB2 /* Queue.swift in Sources */,
				C23591AD20A63FC400F1C813 /* AttributedStrings.swift in Sources */,
				C2E3FD49258D36FF000AA924 /* Numbers.swift in Sources */,
			);
			runOnlyForDeploymentPostprocessing = 0;
		};
/* End PBXSourcesBuildPhase section */

/* Begin XCBuildConfiguration section */
		C29DBCF81FEC03C700A7EB56 /* Debug */ = {
			isa = XCBuildConfiguration;
			buildSettings = {
				ALWAYS_SEARCH_USER_PATHS = NO;
				CLANG_ANALYZER_NONNULL = YES;
				CLANG_ANALYZER_NUMBER_OBJECT_CONVERSION = YES_AGGRESSIVE;
				CLANG_CXX_LANGUAGE_STANDARD = "gnu++14";
				CLANG_CXX_LIBRARY = "libc++";
				CLANG_ENABLE_MODULES = YES;
				CLANG_ENABLE_OBJC_ARC = YES;
				CLANG_WARN_BLOCK_CAPTURE_AUTORELEASING = YES;
				CLANG_WARN_BOOL_CONVERSION = YES;
				CLANG_WARN_COMMA = YES;
				CLANG_WARN_CONSTANT_CONVERSION = YES;
				CLANG_WARN_DEPRECATED_OBJC_IMPLEMENTATIONS = YES;
				CLANG_WARN_DIRECT_OBJC_ISA_USAGE = YES_ERROR;
				CLANG_WARN_DOCUMENTATION_COMMENTS = YES;
				CLANG_WARN_EMPTY_BODY = YES;
				CLANG_WARN_ENUM_CONVERSION = YES;
				CLANG_WARN_INFINITE_RECURSION = YES;
				CLANG_WARN_INT_CONVERSION = YES;
				CLANG_WARN_NON_LITERAL_NULL_CONVERSION = YES;
				CLANG_WARN_OBJC_IMPLICIT_RETAIN_SELF = YES;
				CLANG_WARN_OBJC_LITERAL_CONVERSION = YES;
				CLANG_WARN_OBJC_ROOT_CLASS = YES_ERROR;
				CLANG_WARN_QUOTED_INCLUDE_IN_FRAMEWORK_HEADER = YES;
				CLANG_WARN_RANGE_LOOP_ANALYSIS = YES;
				CLANG_WARN_STRICT_PROTOTYPES = YES;
				CLANG_WARN_SUSPICIOUS_MOVE = YES;
				CLANG_WARN_UNGUARDED_AVAILABILITY = YES_AGGRESSIVE;
				CLANG_WARN_UNREACHABLE_CODE = YES;
				CLANG_WARN__DUPLICATE_METHOD_MATCH = YES;
				CODE_SIGN_IDENTITY = "iPhone Developer";
				COPY_PHASE_STRIP = NO;
				CURRENT_PROJECT_VERSION = 1;
				DEBUG_INFORMATION_FORMAT = dwarf;
				ENABLE_STRICT_OBJC_MSGSEND = YES;
				ENABLE_TESTABILITY = YES;
				GCC_C_LANGUAGE_STANDARD = gnu11;
				GCC_DYNAMIC_NO_PIC = NO;
				GCC_NO_COMMON_BLOCKS = YES;
				GCC_OPTIMIZATION_LEVEL = 0;
				GCC_PREPROCESSOR_DEFINITIONS = (
					"DEBUG=1",
					"$(inherited)",
				);
				GCC_WARN_64_TO_32_BIT_CONVERSION = YES;
				GCC_WARN_ABOUT_RETURN_TYPE = YES_ERROR;
				GCC_WARN_UNDECLARED_SELECTOR = YES;
				GCC_WARN_UNINITIALIZED_AUTOS = YES_AGGRESSIVE;
				GCC_WARN_UNUSED_FUNCTION = YES;
				GCC_WARN_UNUSED_VARIABLE = YES;
				IPHONEOS_DEPLOYMENT_TARGET = 14.0;
				MTL_ENABLE_DEBUG_INFO = YES;
				ONLY_ACTIVE_ARCH = YES;
				SDKROOT = iphoneos;
				SWIFT_ACTIVE_COMPILATION_CONDITIONS = DEBUG;
				SWIFT_COMPILATION_MODE = singlefile;
				SWIFT_OPTIMIZATION_LEVEL = "-Onone";
				SWIFT_VERSION = 5.0;
				VERSIONING_SYSTEM = "apple-generic";
				VERSION_INFO_PREFIX = "";
			};
			name = Debug;
		};
		C29DBCF91FEC03C700A7EB56 /* Release */ = {
			isa = XCBuildConfiguration;
			buildSettings = {
				ALWAYS_SEARCH_USER_PATHS = NO;
				CLANG_ANALYZER_NONNULL = YES;
				CLANG_ANALYZER_NUMBER_OBJECT_CONVERSION = YES_AGGRESSIVE;
				CLANG_CXX_LANGUAGE_STANDARD = "gnu++14";
				CLANG_CXX_LIBRARY = "libc++";
				CLANG_ENABLE_MODULES = YES;
				CLANG_ENABLE_OBJC_ARC = YES;
				CLANG_WARN_BLOCK_CAPTURE_AUTORELEASING = YES;
				CLANG_WARN_BOOL_CONVERSION = YES;
				CLANG_WARN_COMMA = YES;
				CLANG_WARN_CONSTANT_CONVERSION = YES;
				CLANG_WARN_DEPRECATED_OBJC_IMPLEMENTATIONS = YES;
				CLANG_WARN_DIRECT_OBJC_ISA_USAGE = YES_ERROR;
				CLANG_WARN_DOCUMENTATION_COMMENTS = YES;
				CLANG_WARN_EMPTY_BODY = YES;
				CLANG_WARN_ENUM_CONVERSION = YES;
				CLANG_WARN_INFINITE_RECURSION = YES;
				CLANG_WARN_INT_CONVERSION = YES;
				CLANG_WARN_NON_LITERAL_NULL_CONVERSION = YES;
				CLANG_WARN_OBJC_IMPLICIT_RETAIN_SELF = YES;
				CLANG_WARN_OBJC_LITERAL_CONVERSION = YES;
				CLANG_WARN_OBJC_ROOT_CLASS = YES_ERROR;
				CLANG_WARN_QUOTED_INCLUDE_IN_FRAMEWORK_HEADER = YES;
				CLANG_WARN_RANGE_LOOP_ANALYSIS = YES;
				CLANG_WARN_STRICT_PROTOTYPES = YES;
				CLANG_WARN_SUSPICIOUS_MOVE = YES;
				CLANG_WARN_UNGUARDED_AVAILABILITY = YES_AGGRESSIVE;
				CLANG_WARN_UNREACHABLE_CODE = YES;
				CLANG_WARN__DUPLICATE_METHOD_MATCH = YES;
				CODE_SIGN_IDENTITY = "iPhone Developer";
				COPY_PHASE_STRIP = NO;
				CURRENT_PROJECT_VERSION = 1;
				DEBUG_INFORMATION_FORMAT = "dwarf-with-dsym";
				ENABLE_NS_ASSERTIONS = NO;
				ENABLE_STRICT_OBJC_MSGSEND = YES;
				GCC_C_LANGUAGE_STANDARD = gnu11;
				GCC_NO_COMMON_BLOCKS = YES;
				GCC_WARN_64_TO_32_BIT_CONVERSION = YES;
				GCC_WARN_ABOUT_RETURN_TYPE = YES_ERROR;
				GCC_WARN_UNDECLARED_SELECTOR = YES;
				GCC_WARN_UNINITIALIZED_AUTOS = YES_AGGRESSIVE;
				GCC_WARN_UNUSED_FUNCTION = YES;
				GCC_WARN_UNUSED_VARIABLE = YES;
				IPHONEOS_DEPLOYMENT_TARGET = 14.0;
				MTL_ENABLE_DEBUG_INFO = NO;
				SDKROOT = iphoneos;
				SWIFT_COMPILATION_MODE = wholemodule;
				SWIFT_OPTIMIZATION_LEVEL = "-O";
				SWIFT_VERSION = 5.0;
				VALIDATE_PRODUCT = YES;
				VERSIONING_SYSTEM = "apple-generic";
				VERSION_INFO_PREFIX = "";
			};
			name = Release;
		};
		C29DBCFB1FEC03C700A7EB56 /* Debug */ = {
			isa = XCBuildConfiguration;
			buildSettings = {
				CLANG_ENABLE_MODULES = YES;
				CODE_SIGN_IDENTITY = "";
				"CODE_SIGN_IDENTITY[sdk=macosx*]" = "Apple Development";
				CODE_SIGN_STYLE = Automatic;
				DEFINES_MODULE = YES;
				DEVELOPMENT_TEAM = JT6STF4SHA;
				DYLIB_COMPATIBILITY_VERSION = 1;
				DYLIB_CURRENT_VERSION = 1;
				DYLIB_INSTALL_NAME_BASE = "@rpath";
				INFOPLIST_FILE = CommonSource/Info.plist;
				INSTALL_PATH = "$(LOCAL_LIBRARY_DIR)/Frameworks";
				LD_RUNPATH_SEARCH_PATHS = (
					"$(inherited)",
					"@executable_path/Frameworks",
					"@loader_path/Frameworks",
				);
				PRODUCT_BUNDLE_IDENTIFIER = "com.moondeerstudios.MoonKit-iOS";
				PRODUCT_NAME = MoonKit;
				SKIP_INSTALL = YES;
				SWIFT_COMPILATION_MODE = singlefile;
				SWIFT_OPTIMIZATION_LEVEL = "-Onone";
				SWIFT_VERSION = 5.0;
				TARGETED_DEVICE_FAMILY = "1,2";
			};
			name = Debug;
		};
		C29DBCFC1FEC03C700A7EB56 /* Release */ = {
			isa = XCBuildConfiguration;
			buildSettings = {
				CLANG_ENABLE_MODULES = YES;
				CODE_SIGN_IDENTITY = "";
				"CODE_SIGN_IDENTITY[sdk=macosx*]" = "Apple Development";
				CODE_SIGN_STYLE = Automatic;
				DEFINES_MODULE = YES;
				DEVELOPMENT_TEAM = JT6STF4SHA;
				DYLIB_COMPATIBILITY_VERSION = 1;
				DYLIB_CURRENT_VERSION = 1;
				DYLIB_INSTALL_NAME_BASE = "@rpath";
				INFOPLIST_FILE = CommonSource/Info.plist;
				INSTALL_PATH = "$(LOCAL_LIBRARY_DIR)/Frameworks";
				LD_RUNPATH_SEARCH_PATHS = (
					"$(inherited)",
					"@executable_path/Frameworks",
					"@loader_path/Frameworks",
				);
				PRODUCT_BUNDLE_IDENTIFIER = "com.moondeerstudios.MoonKit-iOS";
				PRODUCT_NAME = MoonKit;
				SKIP_INSTALL = YES;
				SWIFT_VERSION = 5.0;
				TARGETED_DEVICE_FAMILY = "1,2";
			};
			name = Release;
		};
		C29DBD171FEC041400A7EB56 /* Debug */ = {
			isa = XCBuildConfiguration;
			buildSettings = {
				CLANG_ENABLE_MODULES = YES;
				CODE_SIGN_IDENTITY = "";
				CODE_SIGN_STYLE = Automatic;
				COMBINE_HIDPI_IMAGES = YES;
				DEFINES_MODULE = YES;
				DEVELOPMENT_TEAM = JT6STF4SHA;
				DYLIB_COMPATIBILITY_VERSION = 1;
				DYLIB_CURRENT_VERSION = 1;
				DYLIB_INSTALL_NAME_BASE = "@rpath";
				FRAMEWORK_VERSION = A;
				INFOPLIST_FILE = CommonSource/Info.plist;
				INSTALL_PATH = "$(LOCAL_LIBRARY_DIR)/Frameworks";
				LD_RUNPATH_SEARCH_PATHS = (
					"$(inherited)",
					"@executable_path/../Frameworks",
					"@loader_path/Frameworks",
				);
				MACOSX_DEPLOYMENT_TARGET = 10.13;
				PRODUCT_BUNDLE_IDENTIFIER = "com.moondeerstudios.MoonKit-Mac";
				PRODUCT_NAME = MoonKit;
				SDKROOT = macosx;
				SKIP_INSTALL = YES;
				SWIFT_COMPILATION_MODE = singlefile;
				SWIFT_OPTIMIZATION_LEVEL = "-Onone";
				SWIFT_VERSION = 5.0;
			};
			name = Debug;
		};
		C29DBD181FEC041400A7EB56 /* Release */ = {
			isa = XCBuildConfiguration;
			buildSettings = {
				CLANG_ENABLE_MODULES = YES;
				CODE_SIGN_IDENTITY = "";
				CODE_SIGN_STYLE = Automatic;
				COMBINE_HIDPI_IMAGES = YES;
				DEFINES_MODULE = YES;
				DEVELOPMENT_TEAM = JT6STF4SHA;
				DYLIB_COMPATIBILITY_VERSION = 1;
				DYLIB_CURRENT_VERSION = 1;
				DYLIB_INSTALL_NAME_BASE = "@rpath";
				FRAMEWORK_VERSION = A;
				INFOPLIST_FILE = CommonSource/Info.plist;
				INSTALL_PATH = "$(LOCAL_LIBRARY_DIR)/Frameworks";
				LD_RUNPATH_SEARCH_PATHS = (
					"$(inherited)",
					"@executable_path/../Frameworks",
					"@loader_path/Frameworks",
				);
				MACOSX_DEPLOYMENT_TARGET = 10.13;
				PRODUCT_BUNDLE_IDENTIFIER = "com.moondeerstudios.MoonKit-Mac";
				PRODUCT_NAME = MoonKit;
				SDKROOT = macosx;
				SKIP_INSTALL = YES;
				SWIFT_VERSION = 5.0;
			};
			name = Release;
		};
/* End XCBuildConfiguration section */

/* Begin XCConfigurationList section */
		C29DBCE01FEC03C700A7EB56 /* Build configuration list for PBXProject "MoonKit" */ = {
			isa = XCConfigurationList;
			buildConfigurations = (
				C29DBCF81FEC03C700A7EB56 /* Debug */,
				C29DBCF91FEC03C700A7EB56 /* Release */,
			);
			defaultConfigurationIsVisible = 0;
			defaultConfigurationName = Release;
		};
		C29DBCFA1FEC03C700A7EB56 /* Build configuration list for PBXNativeTarget "MoonKit_iOS" */ = {
			isa = XCConfigurationList;
			buildConfigurations = (
				C29DBCFB1FEC03C700A7EB56 /* Debug */,
				C29DBCFC1FEC03C700A7EB56 /* Release */,
			);
			defaultConfigurationIsVisible = 0;
			defaultConfigurationName = Release;
		};
		C29DBD161FEC041400A7EB56 /* Build configuration list for PBXNativeTarget "MoonKit_Mac" */ = {
			isa = XCConfigurationList;
			buildConfigurations = (
				C29DBD171FEC041400A7EB56 /* Debug */,
				C29DBD181FEC041400A7EB56 /* Release */,
			);
			defaultConfigurationIsVisible = 0;
			defaultConfigurationName = Release;
		};
/* End XCConfigurationList section */
	};
	rootObject = C29DBCDD1FEC03C700A7EB56 /* Project object */;
}
